
Microsoft Visual Studio Solution File, Format Version 12.00
# Visual Studio Version 17
VisualStudioVersion = 17.12.35514.174
MinimumVisualStudioVersion = 10.0.40219.1
Project("{2150E333-8FDC-42A3-9474-1A3956D46DE8}") = "Solution Items", "Solution Items", "{F76197EB-F9EA-4AF4-BE37-F2631C13A25F}"
	ProjectSection(SolutionItems) = preProject
		.editorconfig = .editorconfig
		docker-compose.yml = docker-compose.yml
		init-db.sql = init-db.sql
		LICENSE.md = LICENSE.md
		README.md = README.md
	EndProjectSection
EndProject
Project("{2150E333-8FDC-42A3-9474-1A3956D46DE8}") = "Ride", "Ride", "{3927C73E-83FE-486A-A69C-7B72704BED04}"
EndProject
Project("{2150E333-8FDC-42A3-9474-1A3956D46DE8}") = "Driver", "Driver", "{DB68FF38-3DC1-4B2D-AF93-F237B19FE9C5}"
EndProject
Project("{FAE04EC0-301F-11D3-BF4B-00C04F79EFBC}") = "Driver", "Driver\Driver\Driver.csproj", "{2740EBCA-056B-4AA6-BA86-D5703A69DF31}"
EndProject
Project("{FAE04EC0-301F-11D3-BF4B-00C04F79EFBC}") = "Driver.API", "Driver\Driver.API\Driver.API.csproj", "{BBCE6458-8D11-4132-B9CA-35277863325B}"
EndProject
Project("{FAE04EC0-301F-11D3-BF4B-00C04F79EFBC}") = "Driver.Core", "Driver\Driver.Core\Driver.Core.csproj", "{4C2E2FEB-F161-40AA-9048-4A649717BE71}"
EndProject
Project("{FAE04EC0-301F-11D3-BF4B-00C04F79EFBC}") = "Driver.Handlers", "Driver\Driver.Handlers\Driver.Handlers.csproj", "{3C2E994A-7483-4250-B8CE-AB7B781BE1C6}"
EndProject
Project("{2150E333-8FDC-42A3-9474-1A3956D46DE8}") = "Common", "Common", "{44A98E5D-3741-4B97-90CA-E48A2022383A}"
EndProject
Project("{FAE04EC0-301F-11D3-BF4B-00C04F79EFBC}") = "Common.Core", "Common\Common.Core\Common.Core.csproj", "{0333D6A4-653B-4020-8BF9-2C8CA4BE598E}"
EndProject
Project("{2150E333-8FDC-42A3-9474-1A3956D46DE8}") = "Identity", "Identity", "{F32DA0FE-E4ED-4B48-A93B-1D6983B2F70F}"
EndProject
Project("{FAE04EC0-301F-11D3-BF4B-00C04F79EFBC}") = "Identity", "Identity\Identity\Identity.csproj", "{E97F556F-88DB-4685-A2C3-7A690E65B02D}"
EndProject
Project("{FAE04EC0-301F-11D3-BF4B-00C04F79EFBC}") = "Identity.API", "Identity\Identity.API\Identity.API.csproj", "{AB9B1A6B-49F3-41B8-A669-BCFBCFC578E3}"
EndProject
Project("{FAE04EC0-301F-11D3-BF4B-00C04F79EFBC}") = "Identity.Core", "Identity\Identity.Core\Identity.Core.csproj", "{93E886C9-B40B-42E5-9164-9A73E64BBAE5}"
EndProject
Project("{FAE04EC0-301F-11D3-BF4B-00C04F79EFBC}") = "Identity.Handlers", "Identity\Identity.Handlers\Identity.Handlers.csproj", "{7BA8285B-9C5C-4731-93F8-61BC73F2BBF4}"
EndProject
Project("{FAE04EC0-301F-11D3-BF4B-00C04F79EFBC}") = "Ride", "Ride\Ride\Ride.csproj", "{3BCE8496-CA5B-4111-A297-593A37431AD4}"
EndProject
Project("{FAE04EC0-301F-11D3-BF4B-00C04F79EFBC}") = "Ride.API", "Ride\Ride.API\Ride.API.csproj", "{A9FD3761-C1CA-43D9-B24A-E352B239FFA2}"
EndProject
Project("{FAE04EC0-301F-11D3-BF4B-00C04F79EFBC}") = "Ride.Core", "Ride\Ride.Core\Ride.Core.csproj", "{1CC90C7E-EF88-49E5-8102-A8596755B7CC}"
EndProject
Project("{FAE04EC0-301F-11D3-BF4B-00C04F79EFBC}") = "Ride.Handlers", "Ride\Ride.Handlers\Ride.Handlers.csproj", "{2BA92D34-DC30-4B08-BC58-0923DBD7CE23}"
EndProject
Project("{2150E333-8FDC-42A3-9474-1A3956D46DE8}") = "Hub", "Hub", "{71ECA389-9B51-4AE9-855A-54B3D0467DF6}"
EndProject
Project("{FAE04EC0-301F-11D3-BF4B-00C04F79EFBC}") = "Hub", "Hub\Hub\Hub.csproj", "{EC109383-9176-43B5-B0EE-91756E815E2D}"
EndProject
Project("{FAE04EC0-301F-11D3-BF4B-00C04F79EFBC}") = "Hub.API", "Hub\Hub.API\Hub.API.csproj", "{2E5FA31F-9DC5-4ED9-80E8-03D8C58B449C}"
EndProject
Project("{FAE04EC0-301F-11D3-BF4B-00C04F79EFBC}") = "Hub.Core", "Hub\Hub.Core\Hub.Core.csproj", "{EF7AB08F-FB1D-4035-A51B-BDFB455ACEDE}"
EndProject
Project("{FAE04EC0-301F-11D3-BF4B-00C04F79EFBC}") = "Ride.Tests", "Ride\Ride.Tests\Ride.Tests.csproj", "{3C4C1116-C54C-48C2-A586-5E975CF1A2A0}"
EndProject
Project("{FAE04EC0-301F-11D3-BF4B-00C04F79EFBC}") = "Ride.IntegrationTests", "Ride\Ride.IntegrationTests\Ride.IntegrationTests.csproj", "{070C1548-84DC-4857-89C8-F2969911CC68}"
EndProject
Project("{FAE04EC0-301F-11D3-BF4B-00C04F79EFBC}") = "Driver.IntegrationTests", "Driver\Driver.IntegrationTests\Driver.IntegrationTests.csproj", "{672121F5-C10F-4731-8A82-405A2B3B7C5B}"
EndProject
Project("{FAE04EC0-301F-11D3-BF4B-00C04F79EFBC}") = "Driver.Tests", "Driver\Driver.Tests\Driver.Tests.csproj", "{EDD77150-819F-4675-B56E-A16183783E30}"
EndProject
Project("{FAE04EC0-301F-11D3-BF4B-00C04F79EFBC}") = "Demo", "Demo\Demo.csproj", "{F2E43387-CD03-459B-925F-240192BD56FE}"
EndProject
Global
	GlobalSection(SolutionConfigurationPlatforms) = preSolution
		Debug|Any CPU = Debug|Any CPU
		Release|Any CPU = Release|Any CPU
	EndGlobalSection
	GlobalSection(ProjectConfigurationPlatforms) = postSolution
		{2740EBCA-056B-4AA6-BA86-D5703A69DF31}.Debug|Any CPU.ActiveCfg = Debug|Any CPU
		{2740EBCA-056B-4AA6-BA86-D5703A69DF31}.Debug|Any CPU.Build.0 = Debug|Any CPU
		{2740EBCA-056B-4AA6-BA86-D5703A69DF31}.Release|Any CPU.ActiveCfg = Release|Any CPU
		{2740EBCA-056B-4AA6-BA86-D5703A69DF31}.Release|Any CPU.Build.0 = Release|Any CPU
		{BBCE6458-8D11-4132-B9CA-35277863325B}.Debug|Any CPU.ActiveCfg = Debug|Any CPU
		{BBCE6458-8D11-4132-B9CA-35277863325B}.Debug|Any CPU.Build.0 = Debug|Any CPU
		{BBCE6458-8D11-4132-B9CA-35277863325B}.Release|Any CPU.ActiveCfg = Release|Any CPU
		{BBCE6458-8D11-4132-B9CA-35277863325B}.Release|Any CPU.Build.0 = Release|Any CPU
		{4C2E2FEB-F161-40AA-9048-4A649717BE71}.Debug|Any CPU.ActiveCfg = Debug|Any CPU
		{4C2E2FEB-F161-40AA-9048-4A649717BE71}.Debug|Any CPU.Build.0 = Debug|Any CPU
		{4C2E2FEB-F161-40AA-9048-4A649717BE71}.Release|Any CPU.ActiveCfg = Release|Any CPU
		{4C2E2FEB-F161-40AA-9048-4A649717BE71}.Release|Any CPU.Build.0 = Release|Any CPU
		{3C2E994A-7483-4250-B8CE-AB7B781BE1C6}.Debug|Any CPU.ActiveCfg = Debug|Any CPU
		{3C2E994A-7483-4250-B8CE-AB7B781BE1C6}.Debug|Any CPU.Build.0 = Debug|Any CPU
		{3C2E994A-7483-4250-B8CE-AB7B781BE1C6}.Release|Any CPU.ActiveCfg = Release|Any CPU
		{3C2E994A-7483-4250-B8CE-AB7B781BE1C6}.Release|Any CPU.Build.0 = Release|Any CPU
		{0333D6A4-653B-4020-8BF9-2C8CA4BE598E}.Debug|Any CPU.ActiveCfg = Debug|Any CPU
		{0333D6A4-653B-4020-8BF9-2C8CA4BE598E}.Debug|Any CPU.Build.0 = Debug|Any CPU
		{0333D6A4-653B-4020-8BF9-2C8CA4BE598E}.Release|Any CPU.ActiveCfg = Release|Any CPU
		{0333D6A4-653B-4020-8BF9-2C8CA4BE598E}.Release|Any CPU.Build.0 = Release|Any CPU
		{E97F556F-88DB-4685-A2C3-7A690E65B02D}.Debug|Any CPU.ActiveCfg = Debug|Any CPU
		{E97F556F-88DB-4685-A2C3-7A690E65B02D}.Debug|Any CPU.Build.0 = Debug|Any CPU
		{E97F556F-88DB-4685-A2C3-7A690E65B02D}.Release|Any CPU.ActiveCfg = Release|Any CPU
		{E97F556F-88DB-4685-A2C3-7A690E65B02D}.Release|Any CPU.Build.0 = Release|Any CPU
		{AB9B1A6B-49F3-41B8-A669-BCFBCFC578E3}.Debug|Any CPU.ActiveCfg = Debug|Any CPU
		{AB9B1A6B-49F3-41B8-A669-BCFBCFC578E3}.Debug|Any CPU.Build.0 = Debug|Any CPU
		{AB9B1A6B-49F3-41B8-A669-BCFBCFC578E3}.Release|Any CPU.ActiveCfg = Release|Any CPU
		{AB9B1A6B-49F3-41B8-A669-BCFBCFC578E3}.Release|Any CPU.Build.0 = Release|Any CPU
		{93E886C9-B40B-42E5-9164-9A73E64BBAE5}.Debug|Any CPU.ActiveCfg = Debug|Any CPU
		{93E886C9-B40B-42E5-9164-9A73E64BBAE5}.Debug|Any CPU.Build.0 = Debug|Any CPU
		{93E886C9-B40B-42E5-9164-9A73E64BBAE5}.Release|Any CPU.ActiveCfg = Release|Any CPU
		{93E886C9-B40B-42E5-9164-9A73E64BBAE5}.Release|Any CPU.Build.0 = Release|Any CPU
		{7BA8285B-9C5C-4731-93F8-61BC73F2BBF4}.Debug|Any CPU.ActiveCfg = Debug|Any CPU
		{7BA8285B-9C5C-4731-93F8-61BC73F2BBF4}.Debug|Any CPU.Build.0 = Debug|Any CPU
		{7BA8285B-9C5C-4731-93F8-61BC73F2BBF4}.Release|Any CPU.ActiveCfg = Release|Any CPU
		{7BA8285B-9C5C-4731-93F8-61BC73F2BBF4}.Release|Any CPU.Build.0 = Release|Any CPU
		{3BCE8496-CA5B-4111-A297-593A37431AD4}.Debug|Any CPU.ActiveCfg = Debug|Any CPU
		{3BCE8496-CA5B-4111-A297-593A37431AD4}.Debug|Any CPU.Build.0 = Debug|Any CPU
		{3BCE8496-CA5B-4111-A297-593A37431AD4}.Release|Any CPU.ActiveCfg = Release|Any CPU
		{3BCE8496-CA5B-4111-A297-593A37431AD4}.Release|Any CPU.Build.0 = Release|Any CPU
		{A9FD3761-C1CA-43D9-B24A-E352B239FFA2}.Debug|Any CPU.ActiveCfg = Debug|Any CPU
		{A9FD3761-C1CA-43D9-B24A-E352B239FFA2}.Debug|Any CPU.Build.0 = Debug|Any CPU
		{A9FD3761-C1CA-43D9-B24A-E352B239FFA2}.Release|Any CPU.ActiveCfg = Release|Any CPU
		{A9FD3761-C1CA-43D9-B24A-E352B239FFA2}.Release|Any CPU.Build.0 = Release|Any CPU
		{1CC90C7E-EF88-49E5-8102-A8596755B7CC}.Debug|Any CPU.ActiveCfg = Debug|Any CPU
		{1CC90C7E-EF88-49E5-8102-A8596755B7CC}.Debug|Any CPU.Build.0 = Debug|Any CPU
		{1CC90C7E-EF88-49E5-8102-A8596755B7CC}.Release|Any CPU.ActiveCfg = Release|Any CPU
		{1CC90C7E-EF88-49E5-8102-A8596755B7CC}.Release|Any CPU.Build.0 = Release|Any CPU
		{2BA92D34-DC30-4B08-BC58-0923DBD7CE23}.Debug|Any CPU.ActiveCfg = Debug|Any CPU
		{2BA92D34-DC30-4B08-BC58-0923DBD7CE23}.Debug|Any CPU.Build.0 = Debug|Any CPU
		{2BA92D34-DC30-4B08-BC58-0923DBD7CE23}.Release|Any CPU.ActiveCfg = Release|Any CPU
		{2BA92D34-DC30-4B08-BC58-0923DBD7CE23}.Release|Any CPU.Build.0 = Release|Any CPU
		{EC109383-9176-43B5-B0EE-91756E815E2D}.Debug|Any CPU.ActiveCfg = Debug|Any CPU
		{EC109383-9176-43B5-B0EE-91756E815E2D}.Debug|Any CPU.Build.0 = Debug|Any CPU
		{EC109383-9176-43B5-B0EE-91756E815E2D}.Release|Any CPU.ActiveCfg = Release|Any CPU
		{EC109383-9176-43B5-B0EE-91756E815E2D}.Release|Any CPU.Build.0 = Release|Any CPU
		{2E5FA31F-9DC5-4ED9-80E8-03D8C58B449C}.Debug|Any CPU.ActiveCfg = Debug|Any CPU
		{2E5FA31F-9DC5-4ED9-80E8-03D8C58B449C}.Debug|Any CPU.Build.0 = Debug|Any CPU
		{2E5FA31F-9DC5-4ED9-80E8-03D8C58B449C}.Release|Any CPU.ActiveCfg = Release|Any CPU
		{2E5FA31F-9DC5-4ED9-80E8-03D8C58B449C}.Release|Any CPU.Build.0 = Release|Any CPU
		{EF7AB08F-FB1D-4035-A51B-BDFB455ACEDE}.Debug|Any CPU.ActiveCfg = Debug|Any CPU
		{EF7AB08F-FB1D-4035-A51B-BDFB455ACEDE}.Debug|Any CPU.Build.0 = Debug|Any CPU
		{EF7AB08F-FB1D-4035-A51B-BDFB455ACEDE}.Release|Any CPU.ActiveCfg = Release|Any CPU
		{EF7AB08F-FB1D-4035-A51B-BDFB455ACEDE}.Release|Any CPU.Build.0 = Release|Any CPU
		{3C4C1116-C54C-48C2-A586-5E975CF1A2A0}.Debug|Any CPU.ActiveCfg = Debug|Any CPU
		{3C4C1116-C54C-48C2-A586-5E975CF1A2A0}.Debug|Any CPU.Build.0 = Debug|Any CPU
		{3C4C1116-C54C-48C2-A586-5E975CF1A2A0}.Release|Any CPU.ActiveCfg = Release|Any CPU
		{3C4C1116-C54C-48C2-A586-5E975CF1A2A0}.Release|Any CPU.Build.0 = Release|Any CPU
		{070C1548-84DC-4857-89C8-F2969911CC68}.Debug|Any CPU.ActiveCfg = Debug|Any CPU
		{070C1548-84DC-4857-89C8-F2969911CC68}.Debug|Any CPU.Build.0 = Debug|Any CPU
		{070C1548-84DC-4857-89C8-F2969911CC68}.Release|Any CPU.ActiveCfg = Release|Any CPU
		{070C1548-84DC-4857-89C8-F2969911CC68}.Release|Any CPU.Build.0 = Release|Any CPU
		{672121F5-C10F-4731-8A82-405A2B3B7C5B}.Debug|Any CPU.ActiveCfg = Debug|Any CPU
		{672121F5-C10F-4731-8A82-405A2B3B7C5B}.Debug|Any CPU.Build.0 = Debug|Any CPU
		{672121F5-C10F-4731-8A82-405A2B3B7C5B}.Release|Any CPU.ActiveCfg = Release|Any CPU
		{672121F5-C10F-4731-8A82-405A2B3B7C5B}.Release|Any CPU.Build.0 = Release|Any CPU
		{EDD77150-819F-4675-B56E-A16183783E30}.Debug|Any CPU.ActiveCfg = Debug|Any CPU
		{EDD77150-819F-4675-B56E-A16183783E30}.Debug|Any CPU.Build.0 = Debug|Any CPU
		{EDD77150-819F-4675-B56E-A16183783E30}.Release|Any CPU.ActiveCfg = Release|Any CPU
		{EDD77150-819F-4675-B56E-A16183783E30}.Release|Any CPU.Build.0 = Release|Any CPU
		{F2E43387-CD03-459B-925F-240192BD56FE}.Debug|Any CPU.ActiveCfg = Debug|Any CPU
		{F2E43387-CD03-459B-925F-240192BD56FE}.Debug|Any CPU.Build.0 = Debug|Any CPU
		{F2E43387-CD03-459B-925F-240192BD56FE}.Release|Any CPU.ActiveCfg = Release|Any CPU
		{F2E43387-CD03-459B-925F-240192BD56FE}.Release|Any CPU.Build.0 = Release|Any CPU
	EndGlobalSection
	GlobalSection(SolutionProperties) = preSolution
		HideSolutionNode = FALSE
	EndGlobalSection
	GlobalSection(NestedProjects) = preSolution
		{2740EBCA-056B-4AA6-BA86-D5703A69DF31} = {DB68FF38-3DC1-4B2D-AF93-F237B19FE9C5}
		{BBCE6458-8D11-4132-B9CA-35277863325B} = {DB68FF38-3DC1-4B2D-AF93-F237B19FE9C5}
		{4C2E2FEB-F161-40AA-9048-4A649717BE71} = {DB68FF38-3DC1-4B2D-AF93-F237B19FE9C5}
		{3C2E994A-7483-4250-B8CE-AB7B781BE1C6} = {DB68FF38-3DC1-4B2D-AF93-F237B19FE9C5}
		{0333D6A4-653B-4020-8BF9-2C8CA4BE598E} = {44A98E5D-3741-4B97-90CA-E48A2022383A}
		{E97F556F-88DB-4685-A2C3-7A690E65B02D} = {F32DA0FE-E4ED-4B48-A93B-1D6983B2F70F}
		{AB9B1A6B-49F3-41B8-A669-BCFBCFC578E3} = {F32DA0FE-E4ED-4B48-A93B-1D6983B2F70F}
		{93E886C9-B40B-42E5-9164-9A73E64BBAE5} = {F32DA0FE-E4ED-4B48-A93B-1D6983B2F70F}
		{7BA8285B-9C5C-4731-93F8-61BC73F2BBF4} = {F32DA0FE-E4ED-4B48-A93B-1D6983B2F70F}
		{3BCE8496-CA5B-4111-A297-593A37431AD4} = {3927C73E-83FE-486A-A69C-7B72704BED04}
		{A9FD3761-C1CA-43D9-B24A-E352B239FFA2} = {3927C73E-83FE-486A-A69C-7B72704BED04}
		{1CC90C7E-EF88-49E5-8102-A8596755B7CC} = {3927C73E-83FE-486A-A69C-7B72704BED04}
		{2BA92D34-DC30-4B08-BC58-0923DBD7CE23} = {3927C73E-83FE-486A-A69C-7B72704BED04}
		{EC109383-9176-43B5-B0EE-91756E815E2D} = {71ECA389-9B51-4AE9-855A-54B3D0467DF6}
		{2E5FA31F-9DC5-4ED9-80E8-03D8C58B449C} = {71ECA389-9B51-4AE9-855A-54B3D0467DF6}
		{EF7AB08F-FB1D-4035-A51B-BDFB455ACEDE} = {71ECA389-9B51-4AE9-855A-54B3D0467DF6}
		{3C4C1116-C54C-48C2-A586-5E975CF1A2A0} = {3927C73E-83FE-486A-A69C-7B72704BED04}
		{070C1548-84DC-4857-89C8-F2969911CC68} = {3927C73E-83FE-486A-A69C-7B72704BED04}
		{672121F5-C10F-4731-8A82-405A2B3B7C5B} = {DB68FF38-3DC1-4B2D-AF93-F237B19FE9C5}
		{EDD77150-819F-4675-B56E-A16183783E30} = {DB68FF38-3DC1-4B2D-AF93-F237B19FE9C5}
	EndGlobalSection
EndGlobal
