
Microsoft Visual Studio Solution File, Format Version 12.00
# Visual Studio Version 17
VisualStudioVersion = 17.0.31903.59
MinimumVisualStudioVersion = 10.0.40219.1
Project("{2150E333-8FDC-42A3-9474-1A3956D46DE8}") = "Driver", "Driver", "{A61EF809-8DE7-F541-932B-336E740821C7}"
EndProject
Project("{FAE04EC0-301F-11D3-BF4B-00C04F79EFBC}") = "Driver.Core", "Driver\Driver.Core\Driver.Core.csproj", "{3295F1B7-5E33-493A-880D-4B7364ED6FA7}"
EndProject
Project("{FAE04EC0-301F-11D3-BF4B-00C04F79EFBC}") = "Voyager.Contracts", "..\Commons\Voyager.Contracts\Voyager.Contracts.csproj", "{0E40FFAF-8CD0-42C1-A196-E98817A29E41}"
EndProject
Project("{FAE04EC0-301F-11D3-BF4B-00C04F79EFBC}") = "Driver.Adapters.Secondary", "Driver\Driver.Adapters.Secondary\Driver.Adapters.Secondary.csproj", "{40F9A584-351C-42B2-AB55-BFCF5E28E7C5}"
EndProject
Project("{FAE04EC0-301F-11D3-BF4B-00C04F79EFBC}") = "Voyager.Shared", "..\Commons\Voyager.Shared\Voyager.Shared.csproj", "{61B527AB-BAB8-4513-B3BD-A97DCD8112F6}"
EndProject
Project("{FAE04EC0-301F-11D3-BF4B-00C04F79EFBC}") = "Driver.Api", "Driver\Driver.Api\Driver.Api.csproj", "{85805536-C00C-40C5-949E-7FC1213ADEAC}"
EndProject
Project("{FAE04EC0-301F-11D3-BF4B-00C04F79EFBC}") = "Driver.Tests", "Driver\Driver.Tests\Driver.Tests.csproj", "{24342145-A08F-47BE-A804-915A43FA0B49}"
EndProject
Project("{2150E333-8FDC-42A3-9474-1A3956D46DE8}") = "Identity", "Identity", "{2FA89949-C014-61E3-9766-4043502A0423}"
EndProject
Project("{FAE04EC0-301F-11D3-BF4B-00C04F79EFBC}") = "Identity.Core", "Identity\Identity.Core\Identity.Core.csproj", "{FCB30E42-FF16-4C29-A435-0890AFF0169F}"
EndProject
Project("{FAE04EC0-301F-11D3-BF4B-00C04F79EFBC}") = "Identity.Adapters.Secondary", "Identity\Identity.Adapters.Secondary\Identity.Adapters.Secondary.csproj", "{1C98B3EC-3938-4F40-B7E3-DA0F233B9AAD}"
EndProject
Project("{FAE04EC0-301F-11D3-BF4B-00C04F79EFBC}") = "Identity.Api", "Identity\Identity.Api\Identity.Api.csproj", "{FAC88842-9FC4-42DD-B5F9-D73E1F10D866}"
EndProject
Project("{FAE04EC0-301F-11D3-BF4B-00C04F79EFBC}") = "Identity.Tests", "Identity\Identity.Tests\Identity.Tests.csproj", "{DC944147-BF58-4AE3-B567-F8A920529021}"
EndProject
Project("{2150E333-8FDC-42A3-9474-1A3956D46DE8}") = "Ride", "Ride", "{F397BE1F-622F-1A8E-EEA2-14C670B44F54}"
EndProject
Project("{FAE04EC0-301F-11D3-BF4B-00C04F79EFBC}") = "Ride.Core", "Ride\Ride.Core\Ride.Core.csproj", "{E9A73155-51D5-4AC1-B84A-667AA3AB530A}"
EndProject
Project("{FAE04EC0-301F-11D3-BF4B-00C04F79EFBC}") = "Ride.Adapters.Secondary", "Ride\Ride.Adapters.Secondary\Ride.Adapters.Secondary.csproj", "{6E476A0D-5078-4E4F-9F39-07EFE7696B1C}"
EndProject
Project("{FAE04EC0-301F-11D3-BF4B-00C04F79EFBC}") = "Ride.Api", "Ride\Ride.Api\Ride.Api.csproj", "{64098C19-AD85-41DE-BF49-E53FD78C1EED}"
EndProject
Project("{FAE04EC0-301F-11D3-BF4B-00C04F79EFBC}") = "Ride.Tests", "Ride\Ride.Tests\Ride.Tests.csproj", "{529198A8-402F-4E5D-8B4B-6A7827C230C9}"
EndProject
Project("{2150E333-8FDC-42A3-9474-1A3956D46DE8}") = "Hub", "Hub", "{51CE16EA-E9CD-CE3B-EB17-741FBED2C8AA}"
EndProject
Project("{FAE04EC0-301F-11D3-BF4B-00C04F79EFBC}") = "Hub.Core", "Hub\Hub.Core\Hub.Core.csproj", "{5340577C-9E16-4D62-BC84-7BE522C0D49B}"
EndProject
Project("{FAE04EC0-301F-11D3-BF4B-00C04F79EFBC}") = "Hub.Adapters.Secondary", "Hub\Hub.Adapters.Secondary\Hub.Adapters.Secondary.csproj", "{1DC12DA2-725A-4742-A57F-0C2F2CCF9212}"
EndProject
Project("{FAE04EC0-301F-11D3-BF4B-00C04F79EFBC}") = "Hub.Api", "Hub\Hub.Api\Hub.Api.csproj", "{1FE08A7D-FFC7-4E5A-9F4A-8CD06923553E}"
EndProject
Project("{FAE04EC0-301F-11D3-BF4B-00C04F79EFBC}") = "Hub.Tests", "Hub\Hub.Tests\Hub.Tests.csproj", "{8635E086-F177-4EBE-9B3C-FB6836000FE4}"
EndProject
Project("{FAE04EC0-301F-11D3-BF4B-00C04F79EFBC}") = "Demo", "Demo\Demo.csproj", "{3F1E3EFD-9E71-4313-BF39-31E5DC150077}"
EndProject
Project("{FAE04EC0-301F-11D3-BF4B-00C04F79EFBC}") = "Voyager.Errors", "..\Commons\Voyager.Errors\Voyager.Errors.csproj", "{C1B80B31-D956-4D7D-A052-67AECB4F5EA2}"
EndProject
Global
	GlobalSection(SolutionConfigurationPlatforms) = preSolution
		Debug|Any CPU = Debug|Any CPU
		Debug|x64 = Debug|x64
		Debug|x86 = Debug|x86
		Release|Any CPU = Release|Any CPU
		Release|x64 = Release|x64
		Release|x86 = Release|x86
	EndGlobalSection
	GlobalSection(ProjectConfigurationPlatforms) = postSolution
		{3295F1B7-5E33-493A-880D-4B7364ED6FA7}.Debug|Any CPU.ActiveCfg = Debug|Any CPU
		{3295F1B7-5E33-493A-880D-4B7364ED6FA7}.Debug|Any CPU.Build.0 = Debug|Any CPU
		{3295F1B7-5E33-493A-880D-4B7364ED6FA7}.Debug|x64.ActiveCfg = Debug|Any CPU
		{3295F1B7-5E33-493A-880D-4B7364ED6FA7}.Debug|x64.Build.0 = Debug|Any CPU
		{3295F1B7-5E33-493A-880D-4B7364ED6FA7}.Debug|x86.ActiveCfg = Debug|Any CPU
		{3295F1B7-5E33-493A-880D-4B7364ED6FA7}.Debug|x86.Build.0 = Debug|Any CPU
		{3295F1B7-5E33-493A-880D-4B7364ED6FA7}.Release|Any CPU.ActiveCfg = Release|Any CPU
		{3295F1B7-5E33-493A-880D-4B7364ED6FA7}.Release|Any CPU.Build.0 = Release|Any CPU
		{3295F1B7-5E33-493A-880D-4B7364ED6FA7}.Release|x64.ActiveCfg = Release|Any CPU
		{3295F1B7-5E33-493A-880D-4B7364ED6FA7}.Release|x64.Build.0 = Release|Any CPU
		{3295F1B7-5E33-493A-880D-4B7364ED6FA7}.Release|x86.ActiveCfg = Release|Any CPU
		{3295F1B7-5E33-493A-880D-4B7364ED6FA7}.Release|x86.Build.0 = Release|Any CPU
		{0E40FFAF-8CD0-42C1-A196-E98817A29E41}.Debug|Any CPU.ActiveCfg = Debug|Any CPU
		{0E40FFAF-8CD0-42C1-A196-E98817A29E41}.Debug|Any CPU.Build.0 = Debug|Any CPU
		{0E40FFAF-8CD0-42C1-A196-E98817A29E41}.Debug|x64.ActiveCfg = Debug|Any CPU
		{0E40FFAF-8CD0-42C1-A196-E98817A29E41}.Debug|x64.Build.0 = Debug|Any CPU
		{0E40FFAF-8CD0-42C1-A196-E98817A29E41}.Debug|x86.ActiveCfg = Debug|Any CPU
		{0E40FFAF-8CD0-42C1-A196-E98817A29E41}.Debug|x86.Build.0 = Debug|Any CPU
		{0E40FFAF-8CD0-42C1-A196-E98817A29E41}.Release|Any CPU.ActiveCfg = Release|Any CPU
		{0E40FFAF-8CD0-42C1-A196-E98817A29E41}.Release|Any CPU.Build.0 = Release|Any CPU
		{0E40FFAF-8CD0-42C1-A196-E98817A29E41}.Release|x64.ActiveCfg = Release|Any CPU
		{0E40FFAF-8CD0-42C1-A196-E98817A29E41}.Release|x64.Build.0 = Release|Any CPU
		{0E40FFAF-8CD0-42C1-A196-E98817A29E41}.Release|x86.ActiveCfg = Release|Any CPU
		{0E40FFAF-8CD0-42C1-A196-E98817A29E41}.Release|x86.Build.0 = Release|Any CPU
		{40F9A584-351C-42B2-AB55-BFCF5E28E7C5}.Debug|Any CPU.ActiveCfg = Debug|Any CPU
		{40F9A584-351C-42B2-AB55-BFCF5E28E7C5}.Debug|Any CPU.Build.0 = Debug|Any CPU
		{40F9A584-351C-42B2-AB55-BFCF5E28E7C5}.Debug|x64.ActiveCfg = Debug|Any CPU
		{40F9A584-351C-42B2-AB55-BFCF5E28E7C5}.Debug|x64.Build.0 = Debug|Any CPU
		{40F9A584-351C-42B2-AB55-BFCF5E28E7C5}.Debug|x86.ActiveCfg = Debug|Any CPU
		{40F9A584-351C-42B2-AB55-BFCF5E28E7C5}.Debug|x86.Build.0 = Debug|Any CPU
		{40F9A584-351C-42B2-AB55-BFCF5E28E7C5}.Release|Any CPU.ActiveCfg = Release|Any CPU
		{40F9A584-351C-42B2-AB55-BFCF5E28E7C5}.Release|Any CPU.Build.0 = Release|Any CPU
		{40F9A584-351C-42B2-AB55-BFCF5E28E7C5}.Release|x64.ActiveCfg = Release|Any CPU
		{40F9A584-351C-42B2-AB55-BFCF5E28E7C5}.Release|x64.Build.0 = Release|Any CPU
		{40F9A584-351C-42B2-AB55-BFCF5E28E7C5}.Release|x86.ActiveCfg = Release|Any CPU
		{40F9A584-351C-42B2-AB55-BFCF5E28E7C5}.Release|x86.Build.0 = Release|Any CPU
		{61B527AB-BAB8-4513-B3BD-A97DCD8112F6}.Debug|Any CPU.ActiveCfg = Debug|Any CPU
		{61B527AB-BAB8-4513-B3BD-A97DCD8112F6}.Debug|Any CPU.Build.0 = Debug|Any CPU
		{61B527AB-BAB8-4513-B3BD-A97DCD8112F6}.Debug|x64.ActiveCfg = Debug|Any CPU
		{61B527AB-BAB8-4513-B3BD-A97DCD8112F6}.Debug|x64.Build.0 = Debug|Any CPU
		{61B527AB-BAB8-4513-B3BD-A97DCD8112F6}.Debug|x86.ActiveCfg = Debug|Any CPU
		{61B527AB-BAB8-4513-B3BD-A97DCD8112F6}.Debug|x86.Build.0 = Debug|Any CPU
		{61B527AB-BAB8-4513-B3BD-A97DCD8112F6}.Release|Any CPU.ActiveCfg = Release|Any CPU
		{61B527AB-BAB8-4513-B3BD-A97DCD8112F6}.Release|Any CPU.Build.0 = Release|Any CPU
		{61B527AB-BAB8-4513-B3BD-A97DCD8112F6}.Release|x64.ActiveCfg = Release|Any CPU
		{61B527AB-BAB8-4513-B3BD-A97DCD8112F6}.Release|x64.Build.0 = Release|Any CPU
		{61B527AB-BAB8-4513-B3BD-A97DCD8112F6}.Release|x86.ActiveCfg = Release|Any CPU
		{61B527AB-BAB8-4513-B3BD-A97DCD8112F6}.Release|x86.Build.0 = Release|Any CPU
		{85805536-C00C-40C5-949E-7FC1213ADEAC}.Debug|Any CPU.ActiveCfg = Debug|Any CPU
		{85805536-C00C-40C5-949E-7FC1213ADEAC}.Debug|Any CPU.Build.0 = Debug|Any CPU
		{85805536-C00C-40C5-949E-7FC1213ADEAC}.Debug|x64.ActiveCfg = Debug|Any CPU
		{85805536-C00C-40C5-949E-7FC1213ADEAC}.Debug|x64.Build.0 = Debug|Any CPU
		{85805536-C00C-40C5-949E-7FC1213ADEAC}.Debug|x86.ActiveCfg = Debug|Any CPU
		{85805536-C00C-40C5-949E-7FC1213ADEAC}.Debug|x86.Build.0 = Debug|Any CPU
		{85805536-C00C-40C5-949E-7FC1213ADEAC}.Release|Any CPU.ActiveCfg = Release|Any CPU
		{85805536-C00C-40C5-949E-7FC1213ADEAC}.Release|Any CPU.Build.0 = Release|Any CPU
		{85805536-C00C-40C5-949E-7FC1213ADEAC}.Release|x64.ActiveCfg = Release|Any CPU
		{85805536-C00C-40C5-949E-7FC1213ADEAC}.Release|x64.Build.0 = Release|Any CPU
		{85805536-C00C-40C5-949E-7FC1213ADEAC}.Release|x86.ActiveCfg = Release|Any CPU
		{85805536-C00C-40C5-949E-7FC1213ADEAC}.Release|x86.Build.0 = Release|Any CPU
		{24342145-A08F-47BE-A804-915A43FA0B49}.Debug|Any CPU.ActiveCfg = Debug|Any CPU
		{24342145-A08F-47BE-A804-915A43FA0B49}.Debug|Any CPU.Build.0 = Debug|Any CPU
		{24342145-A08F-47BE-A804-915A43FA0B49}.Debug|x64.ActiveCfg = Debug|Any CPU
		{24342145-A08F-47BE-A804-915A43FA0B49}.Debug|x64.Build.0 = Debug|Any CPU
		{24342145-A08F-47BE-A804-915A43FA0B49}.Debug|x86.ActiveCfg = Debug|Any CPU
		{24342145-A08F-47BE-A804-915A43FA0B49}.Debug|x86.Build.0 = Debug|Any CPU
		{24342145-A08F-47BE-A804-915A43FA0B49}.Release|Any CPU.ActiveCfg = Release|Any CPU
		{24342145-A08F-47BE-A804-915A43FA0B49}.Release|Any CPU.Build.0 = Release|Any CPU
		{24342145-A08F-47BE-A804-915A43FA0B49}.Release|x64.ActiveCfg = Release|Any CPU
		{24342145-A08F-47BE-A804-915A43FA0B49}.Release|x64.Build.0 = Release|Any CPU
		{24342145-A08F-47BE-A804-915A43FA0B49}.Release|x86.ActiveCfg = Release|Any CPU
		{24342145-A08F-47BE-A804-915A43FA0B49}.Release|x86.Build.0 = Release|Any CPU
		{FCB30E42-FF16-4C29-A435-0890AFF0169F}.Debug|Any CPU.ActiveCfg = Debug|Any CPU
		{FCB30E42-FF16-4C29-A435-0890AFF0169F}.Debug|Any CPU.Build.0 = Debug|Any CPU
		{FCB30E42-FF16-4C29-A435-0890AFF0169F}.Debug|x64.ActiveCfg = Debug|Any CPU
		{FCB30E42-FF16-4C29-A435-0890AFF0169F}.Debug|x64.Build.0 = Debug|Any CPU
		{FCB30E42-FF16-4C29-A435-0890AFF0169F}.Debug|x86.ActiveCfg = Debug|Any CPU
		{FCB30E42-FF16-4C29-A435-0890AFF0169F}.Debug|x86.Build.0 = Debug|Any CPU
		{FCB30E42-FF16-4C29-A435-0890AFF0169F}.Release|Any CPU.ActiveCfg = Release|Any CPU
		{FCB30E42-FF16-4C29-A435-0890AFF0169F}.Release|Any CPU.Build.0 = Release|Any CPU
		{FCB30E42-FF16-4C29-A435-0890AFF0169F}.Release|x64.ActiveCfg = Release|Any CPU
		{FCB30E42-FF16-4C29-A435-0890AFF0169F}.Release|x64.Build.0 = Release|Any CPU
		{FCB30E42-FF16-4C29-A435-0890AFF0169F}.Release|x86.ActiveCfg = Release|Any CPU
		{FCB30E42-FF16-4C29-A435-0890AFF0169F}.Release|x86.Build.0 = Release|Any CPU
		{1C98B3EC-3938-4F40-B7E3-DA0F233B9AAD}.Debug|Any CPU.ActiveCfg = Debug|Any CPU
		{1C98B3EC-3938-4F40-B7E3-DA0F233B9AAD}.Debug|Any CPU.Build.0 = Debug|Any CPU
		{1C98B3EC-3938-4F40-B7E3-DA0F233B9AAD}.Debug|x64.ActiveCfg = Debug|Any CPU
		{1C98B3EC-3938-4F40-B7E3-DA0F233B9AAD}.Debug|x64.Build.0 = Debug|Any CPU
		{1C98B3EC-3938-4F40-B7E3-DA0F233B9AAD}.Debug|x86.ActiveCfg = Debug|Any CPU
		{1C98B3EC-3938-4F40-B7E3-DA0F233B9AAD}.Debug|x86.Build.0 = Debug|Any CPU
		{1C98B3EC-3938-4F40-B7E3-DA0F233B9AAD}.Release|Any CPU.ActiveCfg = Release|Any CPU
		{1C98B3EC-3938-4F40-B7E3-DA0F233B9AAD}.Release|Any CPU.Build.0 = Release|Any CPU
		{1C98B3EC-3938-4F40-B7E3-DA0F233B9AAD}.Release|x64.ActiveCfg = Release|Any CPU
		{1C98B3EC-3938-4F40-B7E3-DA0F233B9AAD}.Release|x64.Build.0 = Release|Any CPU
		{1C98B3EC-3938-4F40-B7E3-DA0F233B9AAD}.Release|x86.ActiveCfg = Release|Any CPU
		{1C98B3EC-3938-4F40-B7E3-DA0F233B9AAD}.Release|x86.Build.0 = Release|Any CPU
		{FAC88842-9FC4-42DD-B5F9-D73E1F10D866}.Debug|Any CPU.ActiveCfg = Debug|Any CPU
		{FAC88842-9FC4-42DD-B5F9-D73E1F10D866}.Debug|Any CPU.Build.0 = Debug|Any CPU
		{FAC88842-9FC4-42DD-B5F9-D73E1F10D866}.Debug|x64.ActiveCfg = Debug|Any CPU
		{FAC88842-9FC4-42DD-B5F9-D73E1F10D866}.Debug|x64.Build.0 = Debug|Any CPU
		{FAC88842-9FC4-42DD-B5F9-D73E1F10D866}.Debug|x86.ActiveCfg = Debug|Any CPU
		{FAC88842-9FC4-42DD-B5F9-D73E1F10D866}.Debug|x86.Build.0 = Debug|Any CPU
		{FAC88842-9FC4-42DD-B5F9-D73E1F10D866}.Release|Any CPU.ActiveCfg = Release|Any CPU
		{FAC88842-9FC4-42DD-B5F9-D73E1F10D866}.Release|Any CPU.Build.0 = Release|Any CPU
		{FAC88842-9FC4-42DD-B5F9-D73E1F10D866}.Release|x64.ActiveCfg = Release|Any CPU
		{FAC88842-9FC4-42DD-B5F9-D73E1F10D866}.Release|x64.Build.0 = Release|Any CPU
		{FAC88842-9FC4-42DD-B5F9-D73E1F10D866}.Release|x86.ActiveCfg = Release|Any CPU
		{FAC88842-9FC4-42DD-B5F9-D73E1F10D866}.Release|x86.Build.0 = Release|Any CPU
		{DC944147-BF58-4AE3-B567-F8A920529021}.Debug|Any CPU.ActiveCfg = Debug|Any CPU
		{DC944147-BF58-4AE3-B567-F8A920529021}.Debug|Any CPU.Build.0 = Debug|Any CPU
		{DC944147-BF58-4AE3-B567-F8A920529021}.Debug|x64.ActiveCfg = Debug|Any CPU
		{DC944147-BF58-4AE3-B567-F8A920529021}.Debug|x64.Build.0 = Debug|Any CPU
		{DC944147-BF58-4AE3-B567-F8A920529021}.Debug|x86.ActiveCfg = Debug|Any CPU
		{DC944147-BF58-4AE3-B567-F8A920529021}.Debug|x86.Build.0 = Debug|Any CPU
		{DC944147-BF58-4AE3-B567-F8A920529021}.Release|Any CPU.ActiveCfg = Release|Any CPU
		{DC944147-BF58-4AE3-B567-F8A920529021}.Release|Any CPU.Build.0 = Release|Any CPU
		{DC944147-BF58-4AE3-B567-F8A920529021}.Release|x64.ActiveCfg = Release|Any CPU
		{DC944147-BF58-4AE3-B567-F8A920529021}.Release|x64.Build.0 = Release|Any CPU
		{DC944147-BF58-4AE3-B567-F8A920529021}.Release|x86.ActiveCfg = Release|Any CPU
		{DC944147-BF58-4AE3-B567-F8A920529021}.Release|x86.Build.0 = Release|Any CPU
		{E9A73155-51D5-4AC1-B84A-667AA3AB530A}.Debug|Any CPU.ActiveCfg = Debug|Any CPU
		{E9A73155-51D5-4AC1-B84A-667AA3AB530A}.Debug|Any CPU.Build.0 = Debug|Any CPU
		{E9A73155-51D5-4AC1-B84A-667AA3AB530A}.Debug|x64.ActiveCfg = Debug|Any CPU
		{E9A73155-51D5-4AC1-B84A-667AA3AB530A}.Debug|x64.Build.0 = Debug|Any CPU
		{E9A73155-51D5-4AC1-B84A-667AA3AB530A}.Debug|x86.ActiveCfg = Debug|Any CPU
		{E9A73155-51D5-4AC1-B84A-667AA3AB530A}.Debug|x86.Build.0 = Debug|Any CPU
		{E9A73155-51D5-4AC1-B84A-667AA3AB530A}.Release|Any CPU.ActiveCfg = Release|Any CPU
		{E9A73155-51D5-4AC1-B84A-667AA3AB530A}.Release|Any CPU.Build.0 = Release|Any CPU
		{E9A73155-51D5-4AC1-B84A-667AA3AB530A}.Release|x64.ActiveCfg = Release|Any CPU
		{E9A73155-51D5-4AC1-B84A-667AA3AB530A}.Release|x64.Build.0 = Release|Any CPU
		{E9A73155-51D5-4AC1-B84A-667AA3AB530A}.Release|x86.ActiveCfg = Release|Any CPU
		{E9A73155-51D5-4AC1-B84A-667AA3AB530A}.Release|x86.Build.0 = Release|Any CPU
		{6E476A0D-5078-4E4F-9F39-07EFE7696B1C}.Debug|Any CPU.ActiveCfg = Debug|Any CPU
		{6E476A0D-5078-4E4F-9F39-07EFE7696B1C}.Debug|Any CPU.Build.0 = Debug|Any CPU
		{6E476A0D-5078-4E4F-9F39-07EFE7696B1C}.Debug|x64.ActiveCfg = Debug|Any CPU
		{6E476A0D-5078-4E4F-9F39-07EFE7696B1C}.Debug|x64.Build.0 = Debug|Any CPU
		{6E476A0D-5078-4E4F-9F39-07EFE7696B1C}.Debug|x86.ActiveCfg = Debug|Any CPU
		{6E476A0D-5078-4E4F-9F39-07EFE7696B1C}.Debug|x86.Build.0 = Debug|Any CPU
		{6E476A0D-5078-4E4F-9F39-07EFE7696B1C}.Release|Any CPU.ActiveCfg = Release|Any CPU
		{6E476A0D-5078-4E4F-9F39-07EFE7696B1C}.Release|Any CPU.Build.0 = Release|Any CPU
		{6E476A0D-5078-4E4F-9F39-07EFE7696B1C}.Release|x64.ActiveCfg = Release|Any CPU
		{6E476A0D-5078-4E4F-9F39-07EFE7696B1C}.Release|x64.Build.0 = Release|Any CPU
		{6E476A0D-5078-4E4F-9F39-07EFE7696B1C}.Release|x86.ActiveCfg = Release|Any CPU
		{6E476A0D-5078-4E4F-9F39-07EFE7696B1C}.Release|x86.Build.0 = Release|Any CPU
		{64098C19-AD85-41DE-BF49-E53FD78C1EED}.Debug|Any CPU.ActiveCfg = Debug|Any CPU
		{64098C19-AD85-41DE-BF49-E53FD78C1EED}.Debug|Any CPU.Build.0 = Debug|Any CPU
		{64098C19-AD85-41DE-BF49-E53FD78C1EED}.Debug|x64.ActiveCfg = Debug|Any CPU
		{64098C19-AD85-41DE-BF49-E53FD78C1EED}.Debug|x64.Build.0 = Debug|Any CPU
		{64098C19-AD85-41DE-BF49-E53FD78C1EED}.Debug|x86.ActiveCfg = Debug|Any CPU
		{64098C19-AD85-41DE-BF49-E53FD78C1EED}.Debug|x86.Build.0 = Debug|Any CPU
		{64098C19-AD85-41DE-BF49-E53FD78C1EED}.Release|Any CPU.ActiveCfg = Release|Any CPU
		{64098C19-AD85-41DE-BF49-E53FD78C1EED}.Release|Any CPU.Build.0 = Release|Any CPU
		{64098C19-AD85-41DE-BF49-E53FD78C1EED}.Release|x64.ActiveCfg = Release|Any CPU
		{64098C19-AD85-41DE-BF49-E53FD78C1EED}.Release|x64.Build.0 = Release|Any CPU
		{64098C19-AD85-41DE-BF49-E53FD78C1EED}.Release|x86.ActiveCfg = Release|Any CPU
		{64098C19-AD85-41DE-BF49-E53FD78C1EED}.Release|x86.Build.0 = Release|Any CPU
		{529198A8-402F-4E5D-8B4B-6A7827C230C9}.Debug|Any CPU.ActiveCfg = Debug|Any CPU
		{529198A8-402F-4E5D-8B4B-6A7827C230C9}.Debug|Any CPU.Build.0 = Debug|Any CPU
		{529198A8-402F-4E5D-8B4B-6A7827C230C9}.Debug|x64.ActiveCfg = Debug|Any CPU
		{529198A8-402F-4E5D-8B4B-6A7827C230C9}.Debug|x64.Build.0 = Debug|Any CPU
		{529198A8-402F-4E5D-8B4B-6A7827C230C9}.Debug|x86.ActiveCfg = Debug|Any CPU
		{529198A8-402F-4E5D-8B4B-6A7827C230C9}.Debug|x86.Build.0 = Debug|Any CPU
		{529198A8-402F-4E5D-8B4B-6A7827C230C9}.Release|Any CPU.ActiveCfg = Release|Any CPU
		{529198A8-402F-4E5D-8B4B-6A7827C230C9}.Release|Any CPU.Build.0 = Release|Any CPU
		{529198A8-402F-4E5D-8B4B-6A7827C230C9}.Release|x64.ActiveCfg = Release|Any CPU
		{529198A8-402F-4E5D-8B4B-6A7827C230C9}.Release|x64.Build.0 = Release|Any CPU
		{529198A8-402F-4E5D-8B4B-6A7827C230C9}.Release|x86.ActiveCfg = Release|Any CPU
		{529198A8-402F-4E5D-8B4B-6A7827C230C9}.Release|x86.Build.0 = Release|Any CPU
		{5340577C-9E16-4D62-BC84-7BE522C0D49B}.Debug|Any CPU.ActiveCfg = Debug|Any CPU
		{5340577C-9E16-4D62-BC84-7BE522C0D49B}.Debug|Any CPU.Build.0 = Debug|Any CPU
		{5340577C-9E16-4D62-BC84-7BE522C0D49B}.Debug|x64.ActiveCfg = Debug|Any CPU
		{5340577C-9E16-4D62-BC84-7BE522C0D49B}.Debug|x64.Build.0 = Debug|Any CPU
		{5340577C-9E16-4D62-BC84-7BE522C0D49B}.Debug|x86.ActiveCfg = Debug|Any CPU
		{5340577C-9E16-4D62-BC84-7BE522C0D49B}.Debug|x86.Build.0 = Debug|Any CPU
		{5340577C-9E16-4D62-BC84-7BE522C0D49B}.Release|Any CPU.ActiveCfg = Release|Any CPU
		{5340577C-9E16-4D62-BC84-7BE522C0D49B}.Release|Any CPU.Build.0 = Release|Any CPU
		{5340577C-9E16-4D62-BC84-7BE522C0D49B}.Release|x64.ActiveCfg = Release|Any CPU
		{5340577C-9E16-4D62-BC84-7BE522C0D49B}.Release|x64.Build.0 = Release|Any CPU
		{5340577C-9E16-4D62-BC84-7BE522C0D49B}.Release|x86.ActiveCfg = Release|Any CPU
		{5340577C-9E16-4D62-BC84-7BE522C0D49B}.Release|x86.Build.0 = Release|Any CPU
		{1DC12DA2-725A-4742-A57F-0C2F2CCF9212}.Debug|Any CPU.ActiveCfg = Debug|Any CPU
		{1DC12DA2-725A-4742-A57F-0C2F2CCF9212}.Debug|Any CPU.Build.0 = Debug|Any CPU
		{1DC12DA2-725A-4742-A57F-0C2F2CCF9212}.Debug|x64.ActiveCfg = Debug|Any CPU
		{1DC12DA2-725A-4742-A57F-0C2F2CCF9212}.Debug|x64.Build.0 = Debug|Any CPU
		{1DC12DA2-725A-4742-A57F-0C2F2CCF9212}.Debug|x86.ActiveCfg = Debug|Any CPU
		{1DC12DA2-725A-4742-A57F-0C2F2CCF9212}.Debug|x86.Build.0 = Debug|Any CPU
		{1DC12DA2-725A-4742-A57F-0C2F2CCF9212}.Release|Any CPU.ActiveCfg = Release|Any CPU
		{1DC12DA2-725A-4742-A57F-0C2F2CCF9212}.Release|Any CPU.Build.0 = Release|Any CPU
		{1DC12DA2-725A-4742-A57F-0C2F2CCF9212}.Release|x64.ActiveCfg = Release|Any CPU
		{1DC12DA2-725A-4742-A57F-0C2F2CCF9212}.Release|x64.Build.0 = Release|Any CPU
		{1DC12DA2-725A-4742-A57F-0C2F2CCF9212}.Release|x86.ActiveCfg = Release|Any CPU
		{1DC12DA2-725A-4742-A57F-0C2F2CCF9212}.Release|x86.Build.0 = Release|Any CPU
		{1FE08A7D-FFC7-4E5A-9F4A-8CD06923553E}.Debug|Any CPU.ActiveCfg = Debug|Any CPU
		{1FE08A7D-FFC7-4E5A-9F4A-8CD06923553E}.Debug|Any CPU.Build.0 = Debug|Any CPU
		{1FE08A7D-FFC7-4E5A-9F4A-8CD06923553E}.Debug|x64.ActiveCfg = Debug|Any CPU
		{1FE08A7D-FFC7-4E5A-9F4A-8CD06923553E}.Debug|x64.Build.0 = Debug|Any CPU
		{1FE08A7D-FFC7-4E5A-9F4A-8CD06923553E}.Debug|x86.ActiveCfg = Debug|Any CPU
		{1FE08A7D-FFC7-4E5A-9F4A-8CD06923553E}.Debug|x86.Build.0 = Debug|Any CPU
		{1FE08A7D-FFC7-4E5A-9F4A-8CD06923553E}.Release|Any CPU.ActiveCfg = Release|Any CPU
		{1FE08A7D-FFC7-4E5A-9F4A-8CD06923553E}.Release|Any CPU.Build.0 = Release|Any CPU
		{1FE08A7D-FFC7-4E5A-9F4A-8CD06923553E}.Release|x64.ActiveCfg = Release|Any CPU
		{1FE08A7D-FFC7-4E5A-9F4A-8CD06923553E}.Release|x64.Build.0 = Release|Any CPU
		{1FE08A7D-FFC7-4E5A-9F4A-8CD06923553E}.Release|x86.ActiveCfg = Release|Any CPU
		{1FE08A7D-FFC7-4E5A-9F4A-8CD06923553E}.Release|x86.Build.0 = Release|Any CPU
		{8635E086-F177-4EBE-9B3C-FB6836000FE4}.Debug|Any CPU.ActiveCfg = Debug|Any CPU
		{8635E086-F177-4EBE-9B3C-FB6836000FE4}.Debug|Any CPU.Build.0 = Debug|Any CPU
		{8635E086-F177-4EBE-9B3C-FB6836000FE4}.Debug|x64.ActiveCfg = Debug|Any CPU
		{8635E086-F177-4EBE-9B3C-FB6836000FE4}.Debug|x64.Build.0 = Debug|Any CPU
		{8635E086-F177-4EBE-9B3C-FB6836000FE4}.Debug|x86.ActiveCfg = Debug|Any CPU
		{8635E086-F177-4EBE-9B3C-FB6836000FE4}.Debug|x86.Build.0 = Debug|Any CPU
		{8635E086-F177-4EBE-9B3C-FB6836000FE4}.Release|Any CPU.ActiveCfg = Release|Any CPU
		{8635E086-F177-4EBE-9B3C-FB6836000FE4}.Release|Any CPU.Build.0 = Release|Any CPU
		{8635E086-F177-4EBE-9B3C-FB6836000FE4}.Release|x64.ActiveCfg = Release|Any CPU
		{8635E086-F177-4EBE-9B3C-FB6836000FE4}.Release|x64.Build.0 = Release|Any CPU
		{8635E086-F177-4EBE-9B3C-FB6836000FE4}.Release|x86.ActiveCfg = Release|Any CPU
		{8635E086-F177-4EBE-9B3C-FB6836000FE4}.Release|x86.Build.0 = Release|Any CPU
		{3F1E3EFD-9E71-4313-BF39-31E5DC150077}.Debug|Any CPU.ActiveCfg = Debug|Any CPU
		{3F1E3EFD-9E71-4313-BF39-31E5DC150077}.Debug|Any CPU.Build.0 = Debug|Any CPU
		{3F1E3EFD-9E71-4313-BF39-31E5DC150077}.Debug|x64.ActiveCfg = Debug|Any CPU
		{3F1E3EFD-9E71-4313-BF39-31E5DC150077}.Debug|x64.Build.0 = Debug|Any CPU
		{3F1E3EFD-9E71-4313-BF39-31E5DC150077}.Debug|x86.ActiveCfg = Debug|Any CPU
		{3F1E3EFD-9E71-4313-BF39-31E5DC150077}.Debug|x86.Build.0 = Debug|Any CPU
		{3F1E3EFD-9E71-4313-BF39-31E5DC150077}.Release|Any CPU.ActiveCfg = Release|Any CPU
		{3F1E3EFD-9E71-4313-BF39-31E5DC150077}.Release|Any CPU.Build.0 = Release|Any CPU
		{3F1E3EFD-9E71-4313-BF39-31E5DC150077}.Release|x64.ActiveCfg = Release|Any CPU
		{3F1E3EFD-9E71-4313-BF39-31E5DC150077}.Release|x64.Build.0 = Release|Any CPU
		{3F1E3EFD-9E71-4313-BF39-31E5DC150077}.Release|x86.ActiveCfg = Release|Any CPU
		{3F1E3EFD-9E71-4313-BF39-31E5DC150077}.Release|x86.Build.0 = Release|Any CPU
		{C1B80B31-D956-4D7D-A052-67AECB4F5EA2}.Debug|Any CPU.ActiveCfg = Debug|Any CPU
		{C1B80B31-D956-4D7D-A052-67AECB4F5EA2}.Debug|Any CPU.Build.0 = Debug|Any CPU
		{C1B80B31-D956-4D7D-A052-67AECB4F5EA2}.Debug|x64.ActiveCfg = Debug|Any CPU
		{C1B80B31-D956-4D7D-A052-67AECB4F5EA2}.Debug|x64.Build.0 = Debug|Any CPU
		{C1B80B31-D956-4D7D-A052-67AECB4F5EA2}.Debug|x86.ActiveCfg = Debug|Any CPU
		{C1B80B31-D956-4D7D-A052-67AECB4F5EA2}.Debug|x86.Build.0 = Debug|Any CPU
		{C1B80B31-D956-4D7D-A052-67AECB4F5EA2}.Release|Any CPU.ActiveCfg = Release|Any CPU
		{C1B80B31-D956-4D7D-A052-67AECB4F5EA2}.Release|Any CPU.Build.0 = Release|Any CPU
		{C1B80B31-D956-4D7D-A052-67AECB4F5EA2}.Release|x64.ActiveCfg = Release|Any CPU
		{C1B80B31-D956-4D7D-A052-67AECB4F5EA2}.Release|x64.Build.0 = Release|Any CPU
		{C1B80B31-D956-4D7D-A052-67AECB4F5EA2}.Release|x86.ActiveCfg = Release|Any CPU
		{C1B80B31-D956-4D7D-A052-67AECB4F5EA2}.Release|x86.Build.0 = Release|Any CPU
	EndGlobalSection
	GlobalSection(SolutionProperties) = preSolution
		HideSolutionNode = FALSE
	EndGlobalSection
	GlobalSection(NestedProjects) = preSolution
		{3295F1B7-5E33-493A-880D-4B7364ED6FA7} = {A61EF809-8DE7-F541-932B-336E740821C7}
		{40F9A584-351C-42B2-AB55-BFCF5E28E7C5} = {A61EF809-8DE7-F541-932B-336E740821C7}
		{85805536-C00C-40C5-949E-7FC1213ADEAC} = {A61EF809-8DE7-F541-932B-336E740821C7}
		{24342145-A08F-47BE-A804-915A43FA0B49} = {A61EF809-8DE7-F541-932B-336E740821C7}
		{FCB30E42-FF16-4C29-A435-0890AFF0169F} = {2FA89949-C014-61E3-9766-4043502A0423}
		{1C98B3EC-3938-4F40-B7E3-DA0F233B9AAD} = {2FA89949-C014-61E3-9766-4043502A0423}
		{FAC88842-9FC4-42DD-B5F9-D73E1F10D866} = {2FA89949-C014-61E3-9766-4043502A0423}
		{DC944147-BF58-4AE3-B567-F8A920529021} = {2FA89949-C014-61E3-9766-4043502A0423}
		{E9A73155-51D5-4AC1-B84A-667AA3AB530A} = {F397BE1F-622F-1A8E-EEA2-14C670B44F54}
		{6E476A0D-5078-4E4F-9F39-07EFE7696B1C} = {F397BE1F-622F-1A8E-EEA2-14C670B44F54}
		{64098C19-AD85-41DE-BF49-E53FD78C1EED} = {F397BE1F-622F-1A8E-EEA2-14C670B44F54}
		{529198A8-402F-4E5D-8B4B-6A7827C230C9} = {F397BE1F-622F-1A8E-EEA2-14C670B44F54}
		{5340577C-9E16-4D62-BC84-7BE522C0D49B} = {51CE16EA-E9CD-CE3B-EB17-741FBED2C8AA}
		{1DC12DA2-725A-4742-A57F-0C2F2CCF9212} = {51CE16EA-E9CD-CE3B-EB17-741FBED2C8AA}
		{1FE08A7D-FFC7-4E5A-9F4A-8CD06923553E} = {51CE16EA-E9CD-CE3B-EB17-741FBED2C8AA}
		{8635E086-F177-4EBE-9B3C-FB6836000FE4} = {51CE16EA-E9CD-CE3B-EB17-741FBED2C8AA}
	EndGlobalSection
EndGlobal
