
Microsoft Visual Studio Solution File, Format Version 12.00
# Visual Studio Version 17
VisualStudioVersion = 17.0.31903.59
MinimumVisualStudioVersion = 10.0.40219.1
Project("{2150E333-8FDC-42A3-9474-1A3956D46DE8}") = "Commons", "Commons", "{28FF85FC-DD47-B361-FD53-B9EABBF33518}"
EndProject
Project("{FAE04EC0-301F-11D3-BF4B-00C04F79EFBC}") = "Voyager.Contracts", "..\Commons\Voyager.Contracts\Voyager.Contracts.csproj", "{44418A5E-5D33-40AB-B261-04A2763C9346}"
EndProject
Project("{FAE04EC0-301F-11D3-BF4B-00C04F79EFBC}") = "Voyager.Shared", "..\Commons\Voyager.Shared\Voyager.Shared.csproj", "{74E3DAD6-8E29-4DA8-B796-B38721CBF123}"
EndProject
Project("{2150E333-8FDC-42A3-9474-1A3956D46DE8}") = "Driver", "Driver", "{A61EF809-8DE7-F541-932B-336E740821C7}"
EndProject
Project("{FAE04EC0-301F-11D3-BF4B-00C04F79EFBC}") = "Driver.Api", "Driver\Driver.Api\Driver.Api.csproj", "{57E252E7-63BA-4F5C-A61D-0EFCD1F1C0D7}"
EndProject
Project("{FAE04EC0-301F-11D3-BF4B-00C04F79EFBC}") = "Driver.Tests", "Driver\Driver.Tests\Driver.Tests.csproj", "{0ADDEFCB-23A9-4552-A71B-F0C762B028F5}"
EndProject
Project("{2150E333-8FDC-42A3-9474-1A3956D46DE8}") = "Identity", "Identity", "{2FA89949-C014-61E3-9766-4043502A0423}"
EndProject
Project("{FAE04EC0-301F-11D3-BF4B-00C04F79EFBC}") = "Identity.Api", "Identity\Identity.Api\Identity.Api.csproj", "{5790AEC6-2788-4F3F-B19F-AE2EEAB0B53F}"
EndProject
Project("{FAE04EC0-301F-11D3-BF4B-00C04F79EFBC}") = "Identity.Tests", "Identity\Identity.Tests\Identity.Tests.csproj", "{653F80D2-6A48-4E4F-8730-DB4C98DD78CF}"
EndProject
Project("{2150E333-8FDC-42A3-9474-1A3956D46DE8}") = "Ride", "Ride", "{F397BE1F-622F-1A8E-EEA2-14C670B44F54}"
EndProject
Project("{FAE04EC0-301F-11D3-BF4B-00C04F79EFBC}") = "Ride.Api", "Ride\Ride.Api\Ride.Api.csproj", "{823912DD-CF8C-4DD2-964B-1D5AC1284F66}"
EndProject
Project("{FAE04EC0-301F-11D3-BF4B-00C04F79EFBC}") = "Ride.Tests", "Ride\Ride.Tests\Ride.Tests.csproj", "{86CDE59D-FE0C-4363-A0A2-A266FF353D52}"
EndProject
Project("{2150E333-8FDC-42A3-9474-1A3956D46DE8}") = "Hub", "Hub", "{51CE16EA-E9CD-CE3B-EB17-741FBED2C8AA}"
EndProject
Project("{FAE04EC0-301F-11D3-BF4B-00C04F79EFBC}") = "Hub.Api", "Hub\Hub.Api\Hub.Api.csproj", "{C7BAF219-F7A5-487F-874F-BD6058D5F6D7}"
EndProject
Project("{FAE04EC0-301F-11D3-BF4B-00C04F79EFBC}") = "Hub.Tests", "Hub\Hub.Tests\Hub.Tests.csproj", "{C63F379E-19EF-4F58-9677-8C9687992355}"
EndProject
Project("{FAE04EC0-301F-11D3-BF4B-00C04F79EFBC}") = "Demo", "Demo\Demo.csproj", "{87286F65-06F7-4AD9-BDB7-6A86CCDF8FB0}"
EndProject
Global
	GlobalSection(SolutionConfigurationPlatforms) = preSolution
		Debug|Any CPU = Debug|Any CPU
		Debug|x64 = Debug|x64
		Debug|x86 = Debug|x86
		Release|Any CPU = Release|Any CPU
		Release|x64 = Release|x64
		Release|x86 = Release|x86
	EndGlobalSection
	GlobalSection(ProjectConfigurationPlatforms) = postSolution
		{44418A5E-5D33-40AB-B261-04A2763C9346}.Debug|Any CPU.ActiveCfg = Debug|Any CPU
		{44418A5E-5D33-40AB-B261-04A2763C9346}.Debug|Any CPU.Build.0 = Debug|Any CPU
		{44418A5E-5D33-40AB-B261-04A2763C9346}.Debug|x64.ActiveCfg = Debug|Any CPU
		{44418A5E-5D33-40AB-B261-04A2763C9346}.Debug|x64.Build.0 = Debug|Any CPU
		{44418A5E-5D33-40AB-B261-04A2763C9346}.Debug|x86.ActiveCfg = Debug|Any CPU
		{44418A5E-5D33-40AB-B261-04A2763C9346}.Debug|x86.Build.0 = Debug|Any CPU
		{44418A5E-5D33-40AB-B261-04A2763C9346}.Release|Any CPU.ActiveCfg = Release|Any CPU
		{44418A5E-5D33-40AB-B261-04A2763C9346}.Release|Any CPU.Build.0 = Release|Any CPU
		{44418A5E-5D33-40AB-B261-04A2763C9346}.Release|x64.ActiveCfg = Release|Any CPU
		{44418A5E-5D33-40AB-B261-04A2763C9346}.Release|x64.Build.0 = Release|Any CPU
		{44418A5E-5D33-40AB-B261-04A2763C9346}.Release|x86.ActiveCfg = Release|Any CPU
		{44418A5E-5D33-40AB-B261-04A2763C9346}.Release|x86.Build.0 = Release|Any CPU
		{74E3DAD6-8E29-4DA8-B796-B38721CBF123}.Debug|Any CPU.ActiveCfg = Debug|Any CPU
		{74E3DAD6-8E29-4DA8-B796-B38721CBF123}.Debug|Any CPU.Build.0 = Debug|Any CPU
		{74E3DAD6-8E29-4DA8-B796-B38721CBF123}.Debug|x64.ActiveCfg = Debug|Any CPU
		{74E3DAD6-8E29-4DA8-B796-B38721CBF123}.Debug|x64.Build.0 = Debug|Any CPU
		{74E3DAD6-8E29-4DA8-B796-B38721CBF123}.Debug|x86.ActiveCfg = Debug|Any CPU
		{74E3DAD6-8E29-4DA8-B796-B38721CBF123}.Debug|x86.Build.0 = Debug|Any CPU
		{74E3DAD6-8E29-4DA8-B796-B38721CBF123}.Release|Any CPU.ActiveCfg = Release|Any CPU
		{74E3DAD6-8E29-4DA8-B796-B38721CBF123}.Release|Any CPU.Build.0 = Release|Any CPU
		{74E3DAD6-8E29-4DA8-B796-B38721CBF123}.Release|x64.ActiveCfg = Release|Any CPU
		{74E3DAD6-8E29-4DA8-B796-B38721CBF123}.Release|x64.Build.0 = Release|Any CPU
		{74E3DAD6-8E29-4DA8-B796-B38721CBF123}.Release|x86.ActiveCfg = Release|Any CPU
		{74E3DAD6-8E29-4DA8-B796-B38721CBF123}.Release|x86.Build.0 = Release|Any CPU
		{57E252E7-63BA-4F5C-A61D-0EFCD1F1C0D7}.Debug|Any CPU.ActiveCfg = Debug|Any CPU
		{57E252E7-63BA-4F5C-A61D-0EFCD1F1C0D7}.Debug|Any CPU.Build.0 = Debug|Any CPU
		{57E252E7-63BA-4F5C-A61D-0EFCD1F1C0D7}.Debug|x64.ActiveCfg = Debug|Any CPU
		{57E252E7-63BA-4F5C-A61D-0EFCD1F1C0D7}.Debug|x64.Build.0 = Debug|Any CPU
		{57E252E7-63BA-4F5C-A61D-0EFCD1F1C0D7}.Debug|x86.ActiveCfg = Debug|Any CPU
		{57E252E7-63BA-4F5C-A61D-0EFCD1F1C0D7}.Debug|x86.Build.0 = Debug|Any CPU
		{57E252E7-63BA-4F5C-A61D-0EFCD1F1C0D7}.Release|Any CPU.ActiveCfg = Release|Any CPU
		{57E252E7-63BA-4F5C-A61D-0EFCD1F1C0D7}.Release|Any CPU.Build.0 = Release|Any CPU
		{57E252E7-63BA-4F5C-A61D-0EFCD1F1C0D7}.Release|x64.ActiveCfg = Release|Any CPU
		{57E252E7-63BA-4F5C-A61D-0EFCD1F1C0D7}.Release|x64.Build.0 = Release|Any CPU
		{57E252E7-63BA-4F5C-A61D-0EFCD1F1C0D7}.Release|x86.ActiveCfg = Release|Any CPU
		{57E252E7-63BA-4F5C-A61D-0EFCD1F1C0D7}.Release|x86.Build.0 = Release|Any CPU
		{0ADDEFCB-23A9-4552-A71B-F0C762B028F5}.Debug|Any CPU.ActiveCfg = Debug|Any CPU
		{0ADDEFCB-23A9-4552-A71B-F0C762B028F5}.Debug|Any CPU.Build.0 = Debug|Any CPU
		{0ADDEFCB-23A9-4552-A71B-F0C762B028F5}.Debug|x64.ActiveCfg = Debug|Any CPU
		{0ADDEFCB-23A9-4552-A71B-F0C762B028F5}.Debug|x64.Build.0 = Debug|Any CPU
		{0ADDEFCB-23A9-4552-A71B-F0C762B028F5}.Debug|x86.ActiveCfg = Debug|Any CPU
		{0ADDEFCB-23A9-4552-A71B-F0C762B028F5}.Debug|x86.Build.0 = Debug|Any CPU
		{0ADDEFCB-23A9-4552-A71B-F0C762B028F5}.Release|Any CPU.ActiveCfg = Release|Any CPU
		{0ADDEFCB-23A9-4552-A71B-F0C762B028F5}.Release|Any CPU.Build.0 = Release|Any CPU
		{0ADDEFCB-23A9-4552-A71B-F0C762B028F5}.Release|x64.ActiveCfg = Release|Any CPU
		{0ADDEFCB-23A9-4552-A71B-F0C762B028F5}.Release|x64.Build.0 = Release|Any CPU
		{0ADDEFCB-23A9-4552-A71B-F0C762B028F5}.Release|x86.ActiveCfg = Release|Any CPU
		{0ADDEFCB-23A9-4552-A71B-F0C762B028F5}.Release|x86.Build.0 = Release|Any CPU
		{5790AEC6-2788-4F3F-B19F-AE2EEAB0B53F}.Debug|Any CPU.ActiveCfg = Debug|Any CPU
		{5790AEC6-2788-4F3F-B19F-AE2EEAB0B53F}.Debug|Any CPU.Build.0 = Debug|Any CPU
		{5790AEC6-2788-4F3F-B19F-AE2EEAB0B53F}.Debug|x64.ActiveCfg = Debug|Any CPU
		{5790AEC6-2788-4F3F-B19F-AE2EEAB0B53F}.Debug|x64.Build.0 = Debug|Any CPU
		{5790AEC6-2788-4F3F-B19F-AE2EEAB0B53F}.Debug|x86.ActiveCfg = Debug|Any CPU
		{5790AEC6-2788-4F3F-B19F-AE2EEAB0B53F}.Debug|x86.Build.0 = Debug|Any CPU
		{5790AEC6-2788-4F3F-B19F-AE2EEAB0B53F}.Release|Any CPU.ActiveCfg = Release|Any CPU
		{5790AEC6-2788-4F3F-B19F-AE2EEAB0B53F}.Release|Any CPU.Build.0 = Release|Any CPU
		{5790AEC6-2788-4F3F-B19F-AE2EEAB0B53F}.Release|x64.ActiveCfg = Release|Any CPU
		{5790AEC6-2788-4F3F-B19F-AE2EEAB0B53F}.Release|x64.Build.0 = Release|Any CPU
		{5790AEC6-2788-4F3F-B19F-AE2EEAB0B53F}.Release|x86.ActiveCfg = Release|Any CPU
		{5790AEC6-2788-4F3F-B19F-AE2EEAB0B53F}.Release|x86.Build.0 = Release|Any CPU
		{653F80D2-6A48-4E4F-8730-DB4C98DD78CF}.Debug|Any CPU.ActiveCfg = Debug|Any CPU
		{653F80D2-6A48-4E4F-8730-DB4C98DD78CF}.Debug|Any CPU.Build.0 = Debug|Any CPU
		{653F80D2-6A48-4E4F-8730-DB4C98DD78CF}.Debug|x64.ActiveCfg = Debug|Any CPU
		{653F80D2-6A48-4E4F-8730-DB4C98DD78CF}.Debug|x64.Build.0 = Debug|Any CPU
		{653F80D2-6A48-4E4F-8730-DB4C98DD78CF}.Debug|x86.ActiveCfg = Debug|Any CPU
		{653F80D2-6A48-4E4F-8730-DB4C98DD78CF}.Debug|x86.Build.0 = Debug|Any CPU
		{653F80D2-6A48-4E4F-8730-DB4C98DD78CF}.Release|Any CPU.ActiveCfg = Release|Any CPU
		{653F80D2-6A48-4E4F-8730-DB4C98DD78CF}.Release|Any CPU.Build.0 = Release|Any CPU
		{653F80D2-6A48-4E4F-8730-DB4C98DD78CF}.Release|x64.ActiveCfg = Release|Any CPU
		{653F80D2-6A48-4E4F-8730-DB4C98DD78CF}.Release|x64.Build.0 = Release|Any CPU
		{653F80D2-6A48-4E4F-8730-DB4C98DD78CF}.Release|x86.ActiveCfg = Release|Any CPU
		{653F80D2-6A48-4E4F-8730-DB4C98DD78CF}.Release|x86.Build.0 = Release|Any CPU
		{823912DD-CF8C-4DD2-964B-1D5AC1284F66}.Debug|Any CPU.ActiveCfg = Debug|Any CPU
		{823912DD-CF8C-4DD2-964B-1D5AC1284F66}.Debug|Any CPU.Build.0 = Debug|Any CPU
		{823912DD-CF8C-4DD2-964B-1D5AC1284F66}.Debug|x64.ActiveCfg = Debug|Any CPU
		{823912DD-CF8C-4DD2-964B-1D5AC1284F66}.Debug|x64.Build.0 = Debug|Any CPU
		{823912DD-CF8C-4DD2-964B-1D5AC1284F66}.Debug|x86.ActiveCfg = Debug|Any CPU
		{823912DD-CF8C-4DD2-964B-1D5AC1284F66}.Debug|x86.Build.0 = Debug|Any CPU
		{823912DD-CF8C-4DD2-964B-1D5AC1284F66}.Release|Any CPU.ActiveCfg = Release|Any CPU
		{823912DD-CF8C-4DD2-964B-1D5AC1284F66}.Release|Any CPU.Build.0 = Release|Any CPU
		{823912DD-CF8C-4DD2-964B-1D5AC1284F66}.Release|x64.ActiveCfg = Release|Any CPU
		{823912DD-CF8C-4DD2-964B-1D5AC1284F66}.Release|x64.Build.0 = Release|Any CPU
		{823912DD-CF8C-4DD2-964B-1D5AC1284F66}.Release|x86.ActiveCfg = Release|Any CPU
		{823912DD-CF8C-4DD2-964B-1D5AC1284F66}.Release|x86.Build.0 = Release|Any CPU
		{86CDE59D-FE0C-4363-A0A2-A266FF353D52}.Debug|Any CPU.ActiveCfg = Debug|Any CPU
		{86CDE59D-FE0C-4363-A0A2-A266FF353D52}.Debug|Any CPU.Build.0 = Debug|Any CPU
		{86CDE59D-FE0C-4363-A0A2-A266FF353D52}.Debug|x64.ActiveCfg = Debug|Any CPU
		{86CDE59D-FE0C-4363-A0A2-A266FF353D52}.Debug|x64.Build.0 = Debug|Any CPU
		{86CDE59D-FE0C-4363-A0A2-A266FF353D52}.Debug|x86.ActiveCfg = Debug|Any CPU
		{86CDE59D-FE0C-4363-A0A2-A266FF353D52}.Debug|x86.Build.0 = Debug|Any CPU
		{86CDE59D-FE0C-4363-A0A2-A266FF353D52}.Release|Any CPU.ActiveCfg = Release|Any CPU
		{86CDE59D-FE0C-4363-A0A2-A266FF353D52}.Release|Any CPU.Build.0 = Release|Any CPU
		{86CDE59D-FE0C-4363-A0A2-A266FF353D52}.Release|x64.ActiveCfg = Release|Any CPU
		{86CDE59D-FE0C-4363-A0A2-A266FF353D52}.Release|x64.Build.0 = Release|Any CPU
		{86CDE59D-FE0C-4363-A0A2-A266FF353D52}.Release|x86.ActiveCfg = Release|Any CPU
		{86CDE59D-FE0C-4363-A0A2-A266FF353D52}.Release|x86.Build.0 = Release|Any CPU
		{C7BAF219-F7A5-487F-874F-BD6058D5F6D7}.Debug|Any CPU.ActiveCfg = Debug|Any CPU
		{C7BAF219-F7A5-487F-874F-BD6058D5F6D7}.Debug|Any CPU.Build.0 = Debug|Any CPU
		{C7BAF219-F7A5-487F-874F-BD6058D5F6D7}.Debug|x64.ActiveCfg = Debug|Any CPU
		{C7BAF219-F7A5-487F-874F-BD6058D5F6D7}.Debug|x64.Build.0 = Debug|Any CPU
		{C7BAF219-F7A5-487F-874F-BD6058D5F6D7}.Debug|x86.ActiveCfg = Debug|Any CPU
		{C7BAF219-F7A5-487F-874F-BD6058D5F6D7}.Debug|x86.Build.0 = Debug|Any CPU
		{C7BAF219-F7A5-487F-874F-BD6058D5F6D7}.Release|Any CPU.ActiveCfg = Release|Any CPU
		{C7BAF219-F7A5-487F-874F-BD6058D5F6D7}.Release|Any CPU.Build.0 = Release|Any CPU
		{C7BAF219-F7A5-487F-874F-BD6058D5F6D7}.Release|x64.ActiveCfg = Release|Any CPU
		{C7BAF219-F7A5-487F-874F-BD6058D5F6D7}.Release|x64.Build.0 = Release|Any CPU
		{C7BAF219-F7A5-487F-874F-BD6058D5F6D7}.Release|x86.ActiveCfg = Release|Any CPU
		{C7BAF219-F7A5-487F-874F-BD6058D5F6D7}.Release|x86.Build.0 = Release|Any CPU
		{C63F379E-19EF-4F58-9677-8C9687992355}.Debug|Any CPU.ActiveCfg = Debug|Any CPU
		{C63F379E-19EF-4F58-9677-8C9687992355}.Debug|Any CPU.Build.0 = Debug|Any CPU
		{C63F379E-19EF-4F58-9677-8C9687992355}.Debug|x64.ActiveCfg = Debug|Any CPU
		{C63F379E-19EF-4F58-9677-8C9687992355}.Debug|x64.Build.0 = Debug|Any CPU
		{C63F379E-19EF-4F58-9677-8C9687992355}.Debug|x86.ActiveCfg = Debug|Any CPU
		{C63F379E-19EF-4F58-9677-8C9687992355}.Debug|x86.Build.0 = Debug|Any CPU
		{C63F379E-19EF-4F58-9677-8C9687992355}.Release|Any CPU.ActiveCfg = Release|Any CPU
		{C63F379E-19EF-4F58-9677-8C9687992355}.Release|Any CPU.Build.0 = Release|Any CPU
		{C63F379E-19EF-4F58-9677-8C9687992355}.Release|x64.ActiveCfg = Release|Any CPU
		{C63F379E-19EF-4F58-9677-8C9687992355}.Release|x64.Build.0 = Release|Any CPU
		{C63F379E-19EF-4F58-9677-8C9687992355}.Release|x86.ActiveCfg = Release|Any CPU
		{C63F379E-19EF-4F58-9677-8C9687992355}.Release|x86.Build.0 = Release|Any CPU
		{87286F65-06F7-4AD9-BDB7-6A86CCDF8FB0}.Debug|Any CPU.ActiveCfg = Debug|Any CPU
		{87286F65-06F7-4AD9-BDB7-6A86CCDF8FB0}.Debug|Any CPU.Build.0 = Debug|Any CPU
		{87286F65-06F7-4AD9-BDB7-6A86CCDF8FB0}.Debug|x64.ActiveCfg = Debug|Any CPU
		{87286F65-06F7-4AD9-BDB7-6A86CCDF8FB0}.Debug|x64.Build.0 = Debug|Any CPU
		{87286F65-06F7-4AD9-BDB7-6A86CCDF8FB0}.Debug|x86.ActiveCfg = Debug|Any CPU
		{87286F65-06F7-4AD9-BDB7-6A86CCDF8FB0}.Debug|x86.Build.0 = Debug|Any CPU
		{87286F65-06F7-4AD9-BDB7-6A86CCDF8FB0}.Release|Any CPU.ActiveCfg = Release|Any CPU
		{87286F65-06F7-4AD9-BDB7-6A86CCDF8FB0}.Release|Any CPU.Build.0 = Release|Any CPU
		{87286F65-06F7-4AD9-BDB7-6A86CCDF8FB0}.Release|x64.ActiveCfg = Release|Any CPU
		{87286F65-06F7-4AD9-BDB7-6A86CCDF8FB0}.Release|x64.Build.0 = Release|Any CPU
		{87286F65-06F7-4AD9-BDB7-6A86CCDF8FB0}.Release|x86.ActiveCfg = Release|Any CPU
		{87286F65-06F7-4AD9-BDB7-6A86CCDF8FB0}.Release|x86.Build.0 = Release|Any CPU
	EndGlobalSection
	GlobalSection(SolutionProperties) = preSolution
		HideSolutionNode = FALSE
	EndGlobalSection
	GlobalSection(NestedProjects) = preSolution
		{44418A5E-5D33-40AB-B261-04A2763C9346} = {28FF85FC-DD47-B361-FD53-B9EABBF33518}
		{74E3DAD6-8E29-4DA8-B796-B38721CBF123} = {28FF85FC-DD47-B361-FD53-B9EABBF33518}
		{57E252E7-63BA-4F5C-A61D-0EFCD1F1C0D7} = {A61EF809-8DE7-F541-932B-336E740821C7}
		{0ADDEFCB-23A9-4552-A71B-F0C762B028F5} = {A61EF809-8DE7-F541-932B-336E740821C7}
		{5790AEC6-2788-4F3F-B19F-AE2EEAB0B53F} = {2FA89949-C014-61E3-9766-4043502A0423}
		{653F80D2-6A48-4E4F-8730-DB4C98DD78CF} = {2FA89949-C014-61E3-9766-4043502A0423}
		{823912DD-CF8C-4DD2-964B-1D5AC1284F66} = {F397BE1F-622F-1A8E-EEA2-14C670B44F54}
		{86CDE59D-FE0C-4363-A0A2-A266FF353D52} = {F397BE1F-622F-1A8E-EEA2-14C670B44F54}
		{C7BAF219-F7A5-487F-874F-BD6058D5F6D7} = {51CE16EA-E9CD-CE3B-EB17-741FBED2C8AA}
		{C63F379E-19EF-4F58-9677-8C9687992355} = {51CE16EA-E9CD-CE3B-EB17-741FBED2C8AA}
	EndGlobalSection
EndGlobal
