
Microsoft Visual Studio Solution File, Format Version 12.00
# Visual Studio Version 17
VisualStudioVersion = 17.0.31903.59
MinimumVisualStudioVersion = 10.0.40219.1
Project("{2150E333-8FDC-42A3-9474-1A3956D46DE8}") = "Driver", "Driver", "{A61EF809-8DE7-F541-932B-336E740821C7}"
EndProject
Project("{FAE04EC0-301F-11D3-BF4B-00C04F79EFBC}") = "Driver.Domain", "Driver\Driver.Domain\Driver.Domain.csproj", "{FF099CC7-1BB6-490D-960A-95D4BE1C54D1}"
EndProject
Project("{FAE04EC0-301F-11D3-BF4B-00C04F79EFBC}") = "Driver.Application", "Driver\Driver.Application\Driver.Application.csproj", "{27C27B70-EF5C-4FE1-A79B-4B0F39A00A7B}"
EndProject
Project("{FAE04EC0-301F-11D3-BF4B-00C04F79EFBC}") = "Driver.Infrastructure", "Driver\Driver.Infrastructure\Driver.Infrastructure.csproj", "{BEBC9B6A-C03D-4FFB-908C-94BD74D1B74B}"
EndProject
Project("{FAE04EC0-301F-11D3-BF4B-00C04F79EFBC}") = "Voyager.Shared", "..\Commons\Voyager.Shared\Voyager.Shared.csproj", "{73ABCFF0-A1A3-43BD-805C-C8881584321E}"
EndProject
Project("{FAE04EC0-301F-11D3-BF4B-00C04F79EFBC}") = "Voyager.Contracts", "..\Commons\Voyager.Contracts\Voyager.Contracts.csproj", "{F8172672-1C69-42BB-8D31-2BF635C9950A}"
EndProject
Project("{FAE04EC0-301F-11D3-BF4B-00C04F79EFBC}") = "Driver.Api", "Driver\Driver.Api\Driver.Api.csproj", "{21C12359-1405-4317-B8EE-7A794C984322}"
EndProject
Project("{FAE04EC0-301F-11D3-BF4B-00C04F79EFBC}") = "Driver.Tests", "Driver\Driver.Tests\Driver.Tests.csproj", "{47E947F7-E4D2-42EF-A270-BE908FC0156D}"
EndProject
Project("{2150E333-8FDC-42A3-9474-1A3956D46DE8}") = "Identity", "Identity", "{2FA89949-C014-61E3-9766-4043502A0423}"
EndProject
Project("{FAE04EC0-301F-11D3-BF4B-00C04F79EFBC}") = "Identity.Domain", "Identity\Identity.Domain\Identity.Domain.csproj", "{79533854-8D99-4E00-8109-7C8BE02C3D92}"
EndProject
Project("{FAE04EC0-301F-11D3-BF4B-00C04F79EFBC}") = "Identity.Application", "Identity\Identity.Application\Identity.Application.csproj", "{E39D87D7-847B-4A9D-8DC4-CFCF5A843754}"
EndProject
Project("{FAE04EC0-301F-11D3-BF4B-00C04F79EFBC}") = "Identity.Infrastructure", "Identity\Identity.Infrastructure\Identity.Infrastructure.csproj", "{438D47D4-0EAD-48E4-8DBF-8C3425AF3C47}"
EndProject
Project("{FAE04EC0-301F-11D3-BF4B-00C04F79EFBC}") = "Identity.Api", "Identity\Identity.Api\Identity.Api.csproj", "{3EAF90EA-AC86-40CE-9679-3CED7943F736}"
EndProject
Project("{FAE04EC0-301F-11D3-BF4B-00C04F79EFBC}") = "Identity.Tests", "Identity\Identity.Tests\Identity.Tests.csproj", "{DFB012E5-D6D3-44CD-8DCD-259EF0F9CB7E}"
EndProject
Project("{2150E333-8FDC-42A3-9474-1A3956D46DE8}") = "Ride", "Ride", "{F397BE1F-622F-1A8E-EEA2-14C670B44F54}"
EndProject
Project("{FAE04EC0-301F-11D3-BF4B-00C04F79EFBC}") = "Ride.Domain", "Ride\Ride.Domain\Ride.Domain.csproj", "{E590C230-D3F3-466A-94BF-FC3C56D90F91}"
EndProject
Project("{FAE04EC0-301F-11D3-BF4B-00C04F79EFBC}") = "Ride.Application", "Ride\Ride.Application\Ride.Application.csproj", "{4FD1D68E-F42A-4340-B1B1-980C18BDFE19}"
EndProject
Project("{FAE04EC0-301F-11D3-BF4B-00C04F79EFBC}") = "Ride.Infrastructure", "Ride\Ride.Infrastructure\Ride.Infrastructure.csproj", "{6377216A-595B-4985-8E4D-96C643C83551}"
EndProject
Project("{FAE04EC0-301F-11D3-BF4B-00C04F79EFBC}") = "Ride.Api", "Ride\Ride.Api\Ride.Api.csproj", "{F584B63D-4A7B-4F15-B8D9-5F442A784769}"
EndProject
Project("{FAE04EC0-301F-11D3-BF4B-00C04F79EFBC}") = "Ride.Tests", "Ride\Ride.Tests\Ride.Tests.csproj", "{BC344DBF-04C6-4963-88F3-85F8E7AC60AA}"
EndProject
Project("{2150E333-8FDC-42A3-9474-1A3956D46DE8}") = "Hub", "Hub", "{51CE16EA-E9CD-CE3B-EB17-741FBED2C8AA}"
EndProject
Project("{FAE04EC0-301F-11D3-BF4B-00C04F79EFBC}") = "Hub.Application", "Hub\Hub.Application\Hub.Application.csproj", "{09D04D52-2A93-45C2-BF63-D39647135108}"
EndProject
Project("{FAE04EC0-301F-11D3-BF4B-00C04F79EFBC}") = "Hub.Infrastructure", "Hub\Hub.Infrastructure\Hub.Infrastructure.csproj", "{3BF1A429-FDBB-4E43-85CB-F7A36E42E679}"
EndProject
Project("{FAE04EC0-301F-11D3-BF4B-00C04F79EFBC}") = "Hub.Api", "Hub\Hub.Api\Hub.Api.csproj", "{BAA73EE1-09EF-48F5-9308-9A36A448F16E}"
EndProject
Project("{FAE04EC0-301F-11D3-BF4B-00C04F79EFBC}") = "Hub.Tests", "Hub\Hub.Tests\Hub.Tests.csproj", "{6856EA6A-ED40-4A05-A53F-39781CC18CA6}"
EndProject
Project("{FAE04EC0-301F-11D3-BF4B-00C04F79EFBC}") = "Demo", "Demo\Demo.csproj", "{E21D62B5-9300-48CF-872B-594E1F9C1B0B}"
EndProject
Global
	GlobalSection(SolutionConfigurationPlatforms) = preSolution
		Debug|Any CPU = Debug|Any CPU
		Debug|x64 = Debug|x64
		Debug|x86 = Debug|x86
		Release|Any CPU = Release|Any CPU
		Release|x64 = Release|x64
		Release|x86 = Release|x86
	EndGlobalSection
	GlobalSection(ProjectConfigurationPlatforms) = postSolution
		{FF099CC7-1BB6-490D-960A-95D4BE1C54D1}.Debug|Any CPU.ActiveCfg = Debug|Any CPU
		{FF099CC7-1BB6-490D-960A-95D4BE1C54D1}.Debug|Any CPU.Build.0 = Debug|Any CPU
		{FF099CC7-1BB6-490D-960A-95D4BE1C54D1}.Debug|x64.ActiveCfg = Debug|Any CPU
		{FF099CC7-1BB6-490D-960A-95D4BE1C54D1}.Debug|x64.Build.0 = Debug|Any CPU
		{FF099CC7-1BB6-490D-960A-95D4BE1C54D1}.Debug|x86.ActiveCfg = Debug|Any CPU
		{FF099CC7-1BB6-490D-960A-95D4BE1C54D1}.Debug|x86.Build.0 = Debug|Any CPU
		{FF099CC7-1BB6-490D-960A-95D4BE1C54D1}.Release|Any CPU.ActiveCfg = Release|Any CPU
		{FF099CC7-1BB6-490D-960A-95D4BE1C54D1}.Release|Any CPU.Build.0 = Release|Any CPU
		{FF099CC7-1BB6-490D-960A-95D4BE1C54D1}.Release|x64.ActiveCfg = Release|Any CPU
		{FF099CC7-1BB6-490D-960A-95D4BE1C54D1}.Release|x64.Build.0 = Release|Any CPU
		{FF099CC7-1BB6-490D-960A-95D4BE1C54D1}.Release|x86.ActiveCfg = Release|Any CPU
		{FF099CC7-1BB6-490D-960A-95D4BE1C54D1}.Release|x86.Build.0 = Release|Any CPU
		{27C27B70-EF5C-4FE1-A79B-4B0F39A00A7B}.Debug|Any CPU.ActiveCfg = Debug|Any CPU
		{27C27B70-EF5C-4FE1-A79B-4B0F39A00A7B}.Debug|Any CPU.Build.0 = Debug|Any CPU
		{27C27B70-EF5C-4FE1-A79B-4B0F39A00A7B}.Debug|x64.ActiveCfg = Debug|Any CPU
		{27C27B70-EF5C-4FE1-A79B-4B0F39A00A7B}.Debug|x64.Build.0 = Debug|Any CPU
		{27C27B70-EF5C-4FE1-A79B-4B0F39A00A7B}.Debug|x86.ActiveCfg = Debug|Any CPU
		{27C27B70-EF5C-4FE1-A79B-4B0F39A00A7B}.Debug|x86.Build.0 = Debug|Any CPU
		{27C27B70-EF5C-4FE1-A79B-4B0F39A00A7B}.Release|Any CPU.ActiveCfg = Release|Any CPU
		{27C27B70-EF5C-4FE1-A79B-4B0F39A00A7B}.Release|Any CPU.Build.0 = Release|Any CPU
		{27C27B70-EF5C-4FE1-A79B-4B0F39A00A7B}.Release|x64.ActiveCfg = Release|Any CPU
		{27C27B70-EF5C-4FE1-A79B-4B0F39A00A7B}.Release|x64.Build.0 = Release|Any CPU
		{27C27B70-EF5C-4FE1-A79B-4B0F39A00A7B}.Release|x86.ActiveCfg = Release|Any CPU
		{27C27B70-EF5C-4FE1-A79B-4B0F39A00A7B}.Release|x86.Build.0 = Release|Any CPU
		{BEBC9B6A-C03D-4FFB-908C-94BD74D1B74B}.Debug|Any CPU.ActiveCfg = Debug|Any CPU
		{BEBC9B6A-C03D-4FFB-908C-94BD74D1B74B}.Debug|Any CPU.Build.0 = Debug|Any CPU
		{BEBC9B6A-C03D-4FFB-908C-94BD74D1B74B}.Debug|x64.ActiveCfg = Debug|Any CPU
		{BEBC9B6A-C03D-4FFB-908C-94BD74D1B74B}.Debug|x64.Build.0 = Debug|Any CPU
		{BEBC9B6A-C03D-4FFB-908C-94BD74D1B74B}.Debug|x86.ActiveCfg = Debug|Any CPU
		{BEBC9B6A-C03D-4FFB-908C-94BD74D1B74B}.Debug|x86.Build.0 = Debug|Any CPU
		{BEBC9B6A-C03D-4FFB-908C-94BD74D1B74B}.Release|Any CPU.ActiveCfg = Release|Any CPU
		{BEBC9B6A-C03D-4FFB-908C-94BD74D1B74B}.Release|Any CPU.Build.0 = Release|Any CPU
		{BEBC9B6A-C03D-4FFB-908C-94BD74D1B74B}.Release|x64.ActiveCfg = Release|Any CPU
		{BEBC9B6A-C03D-4FFB-908C-94BD74D1B74B}.Release|x64.Build.0 = Release|Any CPU
		{BEBC9B6A-C03D-4FFB-908C-94BD74D1B74B}.Release|x86.ActiveCfg = Release|Any CPU
		{BEBC9B6A-C03D-4FFB-908C-94BD74D1B74B}.Release|x86.Build.0 = Release|Any CPU
		{73ABCFF0-A1A3-43BD-805C-C8881584321E}.Debug|Any CPU.ActiveCfg = Debug|Any CPU
		{73ABCFF0-A1A3-43BD-805C-C8881584321E}.Debug|Any CPU.Build.0 = Debug|Any CPU
		{73ABCFF0-A1A3-43BD-805C-C8881584321E}.Debug|x64.ActiveCfg = Debug|Any CPU
		{73ABCFF0-A1A3-43BD-805C-C8881584321E}.Debug|x64.Build.0 = Debug|Any CPU
		{73ABCFF0-A1A3-43BD-805C-C8881584321E}.Debug|x86.ActiveCfg = Debug|Any CPU
		{73ABCFF0-A1A3-43BD-805C-C8881584321E}.Debug|x86.Build.0 = Debug|Any CPU
		{73ABCFF0-A1A3-43BD-805C-C8881584321E}.Release|Any CPU.ActiveCfg = Release|Any CPU
		{73ABCFF0-A1A3-43BD-805C-C8881584321E}.Release|Any CPU.Build.0 = Release|Any CPU
		{73ABCFF0-A1A3-43BD-805C-C8881584321E}.Release|x64.ActiveCfg = Release|Any CPU
		{73ABCFF0-A1A3-43BD-805C-C8881584321E}.Release|x64.Build.0 = Release|Any CPU
		{73ABCFF0-A1A3-43BD-805C-C8881584321E}.Release|x86.ActiveCfg = Release|Any CPU
		{73ABCFF0-A1A3-43BD-805C-C8881584321E}.Release|x86.Build.0 = Release|Any CPU
		{F8172672-1C69-42BB-8D31-2BF635C9950A}.Debug|Any CPU.ActiveCfg = Debug|Any CPU
		{F8172672-1C69-42BB-8D31-2BF635C9950A}.Debug|Any CPU.Build.0 = Debug|Any CPU
		{F8172672-1C69-42BB-8D31-2BF635C9950A}.Debug|x64.ActiveCfg = Debug|Any CPU
		{F8172672-1C69-42BB-8D31-2BF635C9950A}.Debug|x64.Build.0 = Debug|Any CPU
		{F8172672-1C69-42BB-8D31-2BF635C9950A}.Debug|x86.ActiveCfg = Debug|Any CPU
		{F8172672-1C69-42BB-8D31-2BF635C9950A}.Debug|x86.Build.0 = Debug|Any CPU
		{F8172672-1C69-42BB-8D31-2BF635C9950A}.Release|Any CPU.ActiveCfg = Release|Any CPU
		{F8172672-1C69-42BB-8D31-2BF635C9950A}.Release|Any CPU.Build.0 = Release|Any CPU
		{F8172672-1C69-42BB-8D31-2BF635C9950A}.Release|x64.ActiveCfg = Release|Any CPU
		{F8172672-1C69-42BB-8D31-2BF635C9950A}.Release|x64.Build.0 = Release|Any CPU
		{F8172672-1C69-42BB-8D31-2BF635C9950A}.Release|x86.ActiveCfg = Release|Any CPU
		{F8172672-1C69-42BB-8D31-2BF635C9950A}.Release|x86.Build.0 = Release|Any CPU
		{21C12359-1405-4317-B8EE-7A794C984322}.Debug|Any CPU.ActiveCfg = Debug|Any CPU
		{21C12359-1405-4317-B8EE-7A794C984322}.Debug|Any CPU.Build.0 = Debug|Any CPU
		{21C12359-1405-4317-B8EE-7A794C984322}.Debug|x64.ActiveCfg = Debug|Any CPU
		{21C12359-1405-4317-B8EE-7A794C984322}.Debug|x64.Build.0 = Debug|Any CPU
		{21C12359-1405-4317-B8EE-7A794C984322}.Debug|x86.ActiveCfg = Debug|Any CPU
		{21C12359-1405-4317-B8EE-7A794C984322}.Debug|x86.Build.0 = Debug|Any CPU
		{21C12359-1405-4317-B8EE-7A794C984322}.Release|Any CPU.ActiveCfg = Release|Any CPU
		{21C12359-1405-4317-B8EE-7A794C984322}.Release|Any CPU.Build.0 = Release|Any CPU
		{21C12359-1405-4317-B8EE-7A794C984322}.Release|x64.ActiveCfg = Release|Any CPU
		{21C12359-1405-4317-B8EE-7A794C984322}.Release|x64.Build.0 = Release|Any CPU
		{21C12359-1405-4317-B8EE-7A794C984322}.Release|x86.ActiveCfg = Release|Any CPU
		{21C12359-1405-4317-B8EE-7A794C984322}.Release|x86.Build.0 = Release|Any CPU
		{47E947F7-E4D2-42EF-A270-BE908FC0156D}.Debug|Any CPU.ActiveCfg = Debug|Any CPU
		{47E947F7-E4D2-42EF-A270-BE908FC0156D}.Debug|Any CPU.Build.0 = Debug|Any CPU
		{47E947F7-E4D2-42EF-A270-BE908FC0156D}.Debug|x64.ActiveCfg = Debug|Any CPU
		{47E947F7-E4D2-42EF-A270-BE908FC0156D}.Debug|x64.Build.0 = Debug|Any CPU
		{47E947F7-E4D2-42EF-A270-BE908FC0156D}.Debug|x86.ActiveCfg = Debug|Any CPU
		{47E947F7-E4D2-42EF-A270-BE908FC0156D}.Debug|x86.Build.0 = Debug|Any CPU
		{47E947F7-E4D2-42EF-A270-BE908FC0156D}.Release|Any CPU.ActiveCfg = Release|Any CPU
		{47E947F7-E4D2-42EF-A270-BE908FC0156D}.Release|Any CPU.Build.0 = Release|Any CPU
		{47E947F7-E4D2-42EF-A270-BE908FC0156D}.Release|x64.ActiveCfg = Release|Any CPU
		{47E947F7-E4D2-42EF-A270-BE908FC0156D}.Release|x64.Build.0 = Release|Any CPU
		{47E947F7-E4D2-42EF-A270-BE908FC0156D}.Release|x86.ActiveCfg = Release|Any CPU
		{47E947F7-E4D2-42EF-A270-BE908FC0156D}.Release|x86.Build.0 = Release|Any CPU
		{79533854-8D99-4E00-8109-7C8BE02C3D92}.Debug|Any CPU.ActiveCfg = Debug|Any CPU
		{79533854-8D99-4E00-8109-7C8BE02C3D92}.Debug|Any CPU.Build.0 = Debug|Any CPU
		{79533854-8D99-4E00-8109-7C8BE02C3D92}.Debug|x64.ActiveCfg = Debug|Any CPU
		{79533854-8D99-4E00-8109-7C8BE02C3D92}.Debug|x64.Build.0 = Debug|Any CPU
		{79533854-8D99-4E00-8109-7C8BE02C3D92}.Debug|x86.ActiveCfg = Debug|Any CPU
		{79533854-8D99-4E00-8109-7C8BE02C3D92}.Debug|x86.Build.0 = Debug|Any CPU
		{79533854-8D99-4E00-8109-7C8BE02C3D92}.Release|Any CPU.ActiveCfg = Release|Any CPU
		{79533854-8D99-4E00-8109-7C8BE02C3D92}.Release|Any CPU.Build.0 = Release|Any CPU
		{79533854-8D99-4E00-8109-7C8BE02C3D92}.Release|x64.ActiveCfg = Release|Any CPU
		{79533854-8D99-4E00-8109-7C8BE02C3D92}.Release|x64.Build.0 = Release|Any CPU
		{79533854-8D99-4E00-8109-7C8BE02C3D92}.Release|x86.ActiveCfg = Release|Any CPU
		{79533854-8D99-4E00-8109-7C8BE02C3D92}.Release|x86.Build.0 = Release|Any CPU
		{E39D87D7-847B-4A9D-8DC4-CFCF5A843754}.Debug|Any CPU.ActiveCfg = Debug|Any CPU
		{E39D87D7-847B-4A9D-8DC4-CFCF5A843754}.Debug|Any CPU.Build.0 = Debug|Any CPU
		{E39D87D7-847B-4A9D-8DC4-CFCF5A843754}.Debug|x64.ActiveCfg = Debug|Any CPU
		{E39D87D7-847B-4A9D-8DC4-CFCF5A843754}.Debug|x64.Build.0 = Debug|Any CPU
		{E39D87D7-847B-4A9D-8DC4-CFCF5A843754}.Debug|x86.ActiveCfg = Debug|Any CPU
		{E39D87D7-847B-4A9D-8DC4-CFCF5A843754}.Debug|x86.Build.0 = Debug|Any CPU
		{E39D87D7-847B-4A9D-8DC4-CFCF5A843754}.Release|Any CPU.ActiveCfg = Release|Any CPU
		{E39D87D7-847B-4A9D-8DC4-CFCF5A843754}.Release|Any CPU.Build.0 = Release|Any CPU
		{E39D87D7-847B-4A9D-8DC4-CFCF5A843754}.Release|x64.ActiveCfg = Release|Any CPU
		{E39D87D7-847B-4A9D-8DC4-CFCF5A843754}.Release|x64.Build.0 = Release|Any CPU
		{E39D87D7-847B-4A9D-8DC4-CFCF5A843754}.Release|x86.ActiveCfg = Release|Any CPU
		{E39D87D7-847B-4A9D-8DC4-CFCF5A843754}.Release|x86.Build.0 = Release|Any CPU
		{438D47D4-0EAD-48E4-8DBF-8C3425AF3C47}.Debug|Any CPU.ActiveCfg = Debug|Any CPU
		{438D47D4-0EAD-48E4-8DBF-8C3425AF3C47}.Debug|Any CPU.Build.0 = Debug|Any CPU
		{438D47D4-0EAD-48E4-8DBF-8C3425AF3C47}.Debug|x64.ActiveCfg = Debug|Any CPU
		{438D47D4-0EAD-48E4-8DBF-8C3425AF3C47}.Debug|x64.Build.0 = Debug|Any CPU
		{438D47D4-0EAD-48E4-8DBF-8C3425AF3C47}.Debug|x86.ActiveCfg = Debug|Any CPU
		{438D47D4-0EAD-48E4-8DBF-8C3425AF3C47}.Debug|x86.Build.0 = Debug|Any CPU
		{438D47D4-0EAD-48E4-8DBF-8C3425AF3C47}.Release|Any CPU.ActiveCfg = Release|Any CPU
		{438D47D4-0EAD-48E4-8DBF-8C3425AF3C47}.Release|Any CPU.Build.0 = Release|Any CPU
		{438D47D4-0EAD-48E4-8DBF-8C3425AF3C47}.Release|x64.ActiveCfg = Release|Any CPU
		{438D47D4-0EAD-48E4-8DBF-8C3425AF3C47}.Release|x64.Build.0 = Release|Any CPU
		{438D47D4-0EAD-48E4-8DBF-8C3425AF3C47}.Release|x86.ActiveCfg = Release|Any CPU
		{438D47D4-0EAD-48E4-8DBF-8C3425AF3C47}.Release|x86.Build.0 = Release|Any CPU
		{3EAF90EA-AC86-40CE-9679-3CED7943F736}.Debug|Any CPU.ActiveCfg = Debug|Any CPU
		{3EAF90EA-AC86-40CE-9679-3CED7943F736}.Debug|Any CPU.Build.0 = Debug|Any CPU
		{3EAF90EA-AC86-40CE-9679-3CED7943F736}.Debug|x64.ActiveCfg = Debug|Any CPU
		{3EAF90EA-AC86-40CE-9679-3CED7943F736}.Debug|x64.Build.0 = Debug|Any CPU
		{3EAF90EA-AC86-40CE-9679-3CED7943F736}.Debug|x86.ActiveCfg = Debug|Any CPU
		{3EAF90EA-AC86-40CE-9679-3CED7943F736}.Debug|x86.Build.0 = Debug|Any CPU
		{3EAF90EA-AC86-40CE-9679-3CED7943F736}.Release|Any CPU.ActiveCfg = Release|Any CPU
		{3EAF90EA-AC86-40CE-9679-3CED7943F736}.Release|Any CPU.Build.0 = Release|Any CPU
		{3EAF90EA-AC86-40CE-9679-3CED7943F736}.Release|x64.ActiveCfg = Release|Any CPU
		{3EAF90EA-AC86-40CE-9679-3CED7943F736}.Release|x64.Build.0 = Release|Any CPU
		{3EAF90EA-AC86-40CE-9679-3CED7943F736}.Release|x86.ActiveCfg = Release|Any CPU
		{3EAF90EA-AC86-40CE-9679-3CED7943F736}.Release|x86.Build.0 = Release|Any CPU
		{DFB012E5-D6D3-44CD-8DCD-259EF0F9CB7E}.Debug|Any CPU.ActiveCfg = Debug|Any CPU
		{DFB012E5-D6D3-44CD-8DCD-259EF0F9CB7E}.Debug|Any CPU.Build.0 = Debug|Any CPU
		{DFB012E5-D6D3-44CD-8DCD-259EF0F9CB7E}.Debug|x64.ActiveCfg = Debug|Any CPU
		{DFB012E5-D6D3-44CD-8DCD-259EF0F9CB7E}.Debug|x64.Build.0 = Debug|Any CPU
		{DFB012E5-D6D3-44CD-8DCD-259EF0F9CB7E}.Debug|x86.ActiveCfg = Debug|Any CPU
		{DFB012E5-D6D3-44CD-8DCD-259EF0F9CB7E}.Debug|x86.Build.0 = Debug|Any CPU
		{DFB012E5-D6D3-44CD-8DCD-259EF0F9CB7E}.Release|Any CPU.ActiveCfg = Release|Any CPU
		{DFB012E5-D6D3-44CD-8DCD-259EF0F9CB7E}.Release|Any CPU.Build.0 = Release|Any CPU
		{DFB012E5-D6D3-44CD-8DCD-259EF0F9CB7E}.Release|x64.ActiveCfg = Release|Any CPU
		{DFB012E5-D6D3-44CD-8DCD-259EF0F9CB7E}.Release|x64.Build.0 = Release|Any CPU
		{DFB012E5-D6D3-44CD-8DCD-259EF0F9CB7E}.Release|x86.ActiveCfg = Release|Any CPU
		{DFB012E5-D6D3-44CD-8DCD-259EF0F9CB7E}.Release|x86.Build.0 = Release|Any CPU
		{E590C230-D3F3-466A-94BF-FC3C56D90F91}.Debug|Any CPU.ActiveCfg = Debug|Any CPU
		{E590C230-D3F3-466A-94BF-FC3C56D90F91}.Debug|Any CPU.Build.0 = Debug|Any CPU
		{E590C230-D3F3-466A-94BF-FC3C56D90F91}.Debug|x64.ActiveCfg = Debug|Any CPU
		{E590C230-D3F3-466A-94BF-FC3C56D90F91}.Debug|x64.Build.0 = Debug|Any CPU
		{E590C230-D3F3-466A-94BF-FC3C56D90F91}.Debug|x86.ActiveCfg = Debug|Any CPU
		{E590C230-D3F3-466A-94BF-FC3C56D90F91}.Debug|x86.Build.0 = Debug|Any CPU
		{E590C230-D3F3-466A-94BF-FC3C56D90F91}.Release|Any CPU.ActiveCfg = Release|Any CPU
		{E590C230-D3F3-466A-94BF-FC3C56D90F91}.Release|Any CPU.Build.0 = Release|Any CPU
		{E590C230-D3F3-466A-94BF-FC3C56D90F91}.Release|x64.ActiveCfg = Release|Any CPU
		{E590C230-D3F3-466A-94BF-FC3C56D90F91}.Release|x64.Build.0 = Release|Any CPU
		{E590C230-D3F3-466A-94BF-FC3C56D90F91}.Release|x86.ActiveCfg = Release|Any CPU
		{E590C230-D3F3-466A-94BF-FC3C56D90F91}.Release|x86.Build.0 = Release|Any CPU
		{4FD1D68E-F42A-4340-B1B1-980C18BDFE19}.Debug|Any CPU.ActiveCfg = Debug|Any CPU
		{4FD1D68E-F42A-4340-B1B1-980C18BDFE19}.Debug|Any CPU.Build.0 = Debug|Any CPU
		{4FD1D68E-F42A-4340-B1B1-980C18BDFE19}.Debug|x64.ActiveCfg = Debug|Any CPU
		{4FD1D68E-F42A-4340-B1B1-980C18BDFE19}.Debug|x64.Build.0 = Debug|Any CPU
		{4FD1D68E-F42A-4340-B1B1-980C18BDFE19}.Debug|x86.ActiveCfg = Debug|Any CPU
		{4FD1D68E-F42A-4340-B1B1-980C18BDFE19}.Debug|x86.Build.0 = Debug|Any CPU
		{4FD1D68E-F42A-4340-B1B1-980C18BDFE19}.Release|Any CPU.ActiveCfg = Release|Any CPU
		{4FD1D68E-F42A-4340-B1B1-980C18BDFE19}.Release|Any CPU.Build.0 = Release|Any CPU
		{4FD1D68E-F42A-4340-B1B1-980C18BDFE19}.Release|x64.ActiveCfg = Release|Any CPU
		{4FD1D68E-F42A-4340-B1B1-980C18BDFE19}.Release|x64.Build.0 = Release|Any CPU
		{4FD1D68E-F42A-4340-B1B1-980C18BDFE19}.Release|x86.ActiveCfg = Release|Any CPU
		{4FD1D68E-F42A-4340-B1B1-980C18BDFE19}.Release|x86.Build.0 = Release|Any CPU
		{6377216A-595B-4985-8E4D-96C643C83551}.Debug|Any CPU.ActiveCfg = Debug|Any CPU
		{6377216A-595B-4985-8E4D-96C643C83551}.Debug|Any CPU.Build.0 = Debug|Any CPU
		{6377216A-595B-4985-8E4D-96C643C83551}.Debug|x64.ActiveCfg = Debug|Any CPU
		{6377216A-595B-4985-8E4D-96C643C83551}.Debug|x64.Build.0 = Debug|Any CPU
		{6377216A-595B-4985-8E4D-96C643C83551}.Debug|x86.ActiveCfg = Debug|Any CPU
		{6377216A-595B-4985-8E4D-96C643C83551}.Debug|x86.Build.0 = Debug|Any CPU
		{6377216A-595B-4985-8E4D-96C643C83551}.Release|Any CPU.ActiveCfg = Release|Any CPU
		{6377216A-595B-4985-8E4D-96C643C83551}.Release|Any CPU.Build.0 = Release|Any CPU
		{6377216A-595B-4985-8E4D-96C643C83551}.Release|x64.ActiveCfg = Release|Any CPU
		{6377216A-595B-4985-8E4D-96C643C83551}.Release|x64.Build.0 = Release|Any CPU
		{6377216A-595B-4985-8E4D-96C643C83551}.Release|x86.ActiveCfg = Release|Any CPU
		{6377216A-595B-4985-8E4D-96C643C83551}.Release|x86.Build.0 = Release|Any CPU
		{F584B63D-4A7B-4F15-B8D9-5F442A784769}.Debug|Any CPU.ActiveCfg = Debug|Any CPU
		{F584B63D-4A7B-4F15-B8D9-5F442A784769}.Debug|Any CPU.Build.0 = Debug|Any CPU
		{F584B63D-4A7B-4F15-B8D9-5F442A784769}.Debug|x64.ActiveCfg = Debug|Any CPU
		{F584B63D-4A7B-4F15-B8D9-5F442A784769}.Debug|x64.Build.0 = Debug|Any CPU
		{F584B63D-4A7B-4F15-B8D9-5F442A784769}.Debug|x86.ActiveCfg = Debug|Any CPU
		{F584B63D-4A7B-4F15-B8D9-5F442A784769}.Debug|x86.Build.0 = Debug|Any CPU
		{F584B63D-4A7B-4F15-B8D9-5F442A784769}.Release|Any CPU.ActiveCfg = Release|Any CPU
		{F584B63D-4A7B-4F15-B8D9-5F442A784769}.Release|Any CPU.Build.0 = Release|Any CPU
		{F584B63D-4A7B-4F15-B8D9-5F442A784769}.Release|x64.ActiveCfg = Release|Any CPU
		{F584B63D-4A7B-4F15-B8D9-5F442A784769}.Release|x64.Build.0 = Release|Any CPU
		{F584B63D-4A7B-4F15-B8D9-5F442A784769}.Release|x86.ActiveCfg = Release|Any CPU
		{F584B63D-4A7B-4F15-B8D9-5F442A784769}.Release|x86.Build.0 = Release|Any CPU
		{BC344DBF-04C6-4963-88F3-85F8E7AC60AA}.Debug|Any CPU.ActiveCfg = Debug|Any CPU
		{BC344DBF-04C6-4963-88F3-85F8E7AC60AA}.Debug|Any CPU.Build.0 = Debug|Any CPU
		{BC344DBF-04C6-4963-88F3-85F8E7AC60AA}.Debug|x64.ActiveCfg = Debug|Any CPU
		{BC344DBF-04C6-4963-88F3-85F8E7AC60AA}.Debug|x64.Build.0 = Debug|Any CPU
		{BC344DBF-04C6-4963-88F3-85F8E7AC60AA}.Debug|x86.ActiveCfg = Debug|Any CPU
		{BC344DBF-04C6-4963-88F3-85F8E7AC60AA}.Debug|x86.Build.0 = Debug|Any CPU
		{BC344DBF-04C6-4963-88F3-85F8E7AC60AA}.Release|Any CPU.ActiveCfg = Release|Any CPU
		{BC344DBF-04C6-4963-88F3-85F8E7AC60AA}.Release|Any CPU.Build.0 = Release|Any CPU
		{BC344DBF-04C6-4963-88F3-85F8E7AC60AA}.Release|x64.ActiveCfg = Release|Any CPU
		{BC344DBF-04C6-4963-88F3-85F8E7AC60AA}.Release|x64.Build.0 = Release|Any CPU
		{BC344DBF-04C6-4963-88F3-85F8E7AC60AA}.Release|x86.ActiveCfg = Release|Any CPU
		{BC344DBF-04C6-4963-88F3-85F8E7AC60AA}.Release|x86.Build.0 = Release|Any CPU
		{09D04D52-2A93-45C2-BF63-D39647135108}.Debug|Any CPU.ActiveCfg = Debug|Any CPU
		{09D04D52-2A93-45C2-BF63-D39647135108}.Debug|Any CPU.Build.0 = Debug|Any CPU
		{09D04D52-2A93-45C2-BF63-D39647135108}.Debug|x64.ActiveCfg = Debug|Any CPU
		{09D04D52-2A93-45C2-BF63-D39647135108}.Debug|x64.Build.0 = Debug|Any CPU
		{09D04D52-2A93-45C2-BF63-D39647135108}.Debug|x86.ActiveCfg = Debug|Any CPU
		{09D04D52-2A93-45C2-BF63-D39647135108}.Debug|x86.Build.0 = Debug|Any CPU
		{09D04D52-2A93-45C2-BF63-D39647135108}.Release|Any CPU.ActiveCfg = Release|Any CPU
		{09D04D52-2A93-45C2-BF63-D39647135108}.Release|Any CPU.Build.0 = Release|Any CPU
		{09D04D52-2A93-45C2-BF63-D39647135108}.Release|x64.ActiveCfg = Release|Any CPU
		{09D04D52-2A93-45C2-BF63-D39647135108}.Release|x64.Build.0 = Release|Any CPU
		{09D04D52-2A93-45C2-BF63-D39647135108}.Release|x86.ActiveCfg = Release|Any CPU
		{09D04D52-2A93-45C2-BF63-D39647135108}.Release|x86.Build.0 = Release|Any CPU
		{3BF1A429-FDBB-4E43-85CB-F7A36E42E679}.Debug|Any CPU.ActiveCfg = Debug|Any CPU
		{3BF1A429-FDBB-4E43-85CB-F7A36E42E679}.Debug|Any CPU.Build.0 = Debug|Any CPU
		{3BF1A429-FDBB-4E43-85CB-F7A36E42E679}.Debug|x64.ActiveCfg = Debug|Any CPU
		{3BF1A429-FDBB-4E43-85CB-F7A36E42E679}.Debug|x64.Build.0 = Debug|Any CPU
		{3BF1A429-FDBB-4E43-85CB-F7A36E42E679}.Debug|x86.ActiveCfg = Debug|Any CPU
		{3BF1A429-FDBB-4E43-85CB-F7A36E42E679}.Debug|x86.Build.0 = Debug|Any CPU
		{3BF1A429-FDBB-4E43-85CB-F7A36E42E679}.Release|Any CPU.ActiveCfg = Release|Any CPU
		{3BF1A429-FDBB-4E43-85CB-F7A36E42E679}.Release|Any CPU.Build.0 = Release|Any CPU
		{3BF1A429-FDBB-4E43-85CB-F7A36E42E679}.Release|x64.ActiveCfg = Release|Any CPU
		{3BF1A429-FDBB-4E43-85CB-F7A36E42E679}.Release|x64.Build.0 = Release|Any CPU
		{3BF1A429-FDBB-4E43-85CB-F7A36E42E679}.Release|x86.ActiveCfg = Release|Any CPU
		{3BF1A429-FDBB-4E43-85CB-F7A36E42E679}.Release|x86.Build.0 = Release|Any CPU
		{BAA73EE1-09EF-48F5-9308-9A36A448F16E}.Debug|Any CPU.ActiveCfg = Debug|Any CPU
		{BAA73EE1-09EF-48F5-9308-9A36A448F16E}.Debug|Any CPU.Build.0 = Debug|Any CPU
		{BAA73EE1-09EF-48F5-9308-9A36A448F16E}.Debug|x64.ActiveCfg = Debug|Any CPU
		{BAA73EE1-09EF-48F5-9308-9A36A448F16E}.Debug|x64.Build.0 = Debug|Any CPU
		{BAA73EE1-09EF-48F5-9308-9A36A448F16E}.Debug|x86.ActiveCfg = Debug|Any CPU
		{BAA73EE1-09EF-48F5-9308-9A36A448F16E}.Debug|x86.Build.0 = Debug|Any CPU
		{BAA73EE1-09EF-48F5-9308-9A36A448F16E}.Release|Any CPU.ActiveCfg = Release|Any CPU
		{BAA73EE1-09EF-48F5-9308-9A36A448F16E}.Release|Any CPU.Build.0 = Release|Any CPU
		{BAA73EE1-09EF-48F5-9308-9A36A448F16E}.Release|x64.ActiveCfg = Release|Any CPU
		{BAA73EE1-09EF-48F5-9308-9A36A448F16E}.Release|x64.Build.0 = Release|Any CPU
		{BAA73EE1-09EF-48F5-9308-9A36A448F16E}.Release|x86.ActiveCfg = Release|Any CPU
		{BAA73EE1-09EF-48F5-9308-9A36A448F16E}.Release|x86.Build.0 = Release|Any CPU
		{6856EA6A-ED40-4A05-A53F-39781CC18CA6}.Debug|Any CPU.ActiveCfg = Debug|Any CPU
		{6856EA6A-ED40-4A05-A53F-39781CC18CA6}.Debug|Any CPU.Build.0 = Debug|Any CPU
		{6856EA6A-ED40-4A05-A53F-39781CC18CA6}.Debug|x64.ActiveCfg = Debug|Any CPU
		{6856EA6A-ED40-4A05-A53F-39781CC18CA6}.Debug|x64.Build.0 = Debug|Any CPU
		{6856EA6A-ED40-4A05-A53F-39781CC18CA6}.Debug|x86.ActiveCfg = Debug|Any CPU
		{6856EA6A-ED40-4A05-A53F-39781CC18CA6}.Debug|x86.Build.0 = Debug|Any CPU
		{6856EA6A-ED40-4A05-A53F-39781CC18CA6}.Release|Any CPU.ActiveCfg = Release|Any CPU
		{6856EA6A-ED40-4A05-A53F-39781CC18CA6}.Release|Any CPU.Build.0 = Release|Any CPU
		{6856EA6A-ED40-4A05-A53F-39781CC18CA6}.Release|x64.ActiveCfg = Release|Any CPU
		{6856EA6A-ED40-4A05-A53F-39781CC18CA6}.Release|x64.Build.0 = Release|Any CPU
		{6856EA6A-ED40-4A05-A53F-39781CC18CA6}.Release|x86.ActiveCfg = Release|Any CPU
		{6856EA6A-ED40-4A05-A53F-39781CC18CA6}.Release|x86.Build.0 = Release|Any CPU
		{E21D62B5-9300-48CF-872B-594E1F9C1B0B}.Debug|Any CPU.ActiveCfg = Debug|Any CPU
		{E21D62B5-9300-48CF-872B-594E1F9C1B0B}.Debug|Any CPU.Build.0 = Debug|Any CPU
		{E21D62B5-9300-48CF-872B-594E1F9C1B0B}.Debug|x64.ActiveCfg = Debug|Any CPU
		{E21D62B5-9300-48CF-872B-594E1F9C1B0B}.Debug|x64.Build.0 = Debug|Any CPU
		{E21D62B5-9300-48CF-872B-594E1F9C1B0B}.Debug|x86.ActiveCfg = Debug|Any CPU
		{E21D62B5-9300-48CF-872B-594E1F9C1B0B}.Debug|x86.Build.0 = Debug|Any CPU
		{E21D62B5-9300-48CF-872B-594E1F9C1B0B}.Release|Any CPU.ActiveCfg = Release|Any CPU
		{E21D62B5-9300-48CF-872B-594E1F9C1B0B}.Release|Any CPU.Build.0 = Release|Any CPU
		{E21D62B5-9300-48CF-872B-594E1F9C1B0B}.Release|x64.ActiveCfg = Release|Any CPU
		{E21D62B5-9300-48CF-872B-594E1F9C1B0B}.Release|x64.Build.0 = Release|Any CPU
		{E21D62B5-9300-48CF-872B-594E1F9C1B0B}.Release|x86.ActiveCfg = Release|Any CPU
		{E21D62B5-9300-48CF-872B-594E1F9C1B0B}.Release|x86.Build.0 = Release|Any CPU
	EndGlobalSection
	GlobalSection(SolutionProperties) = preSolution
		HideSolutionNode = FALSE
	EndGlobalSection
	GlobalSection(NestedProjects) = preSolution
		{FF099CC7-1BB6-490D-960A-95D4BE1C54D1} = {A61EF809-8DE7-F541-932B-336E740821C7}
		{27C27B70-EF5C-4FE1-A79B-4B0F39A00A7B} = {A61EF809-8DE7-F541-932B-336E740821C7}
		{BEBC9B6A-C03D-4FFB-908C-94BD74D1B74B} = {A61EF809-8DE7-F541-932B-336E740821C7}
		{21C12359-1405-4317-B8EE-7A794C984322} = {A61EF809-8DE7-F541-932B-336E740821C7}
		{47E947F7-E4D2-42EF-A270-BE908FC0156D} = {A61EF809-8DE7-F541-932B-336E740821C7}
		{79533854-8D99-4E00-8109-7C8BE02C3D92} = {2FA89949-C014-61E3-9766-4043502A0423}
		{E39D87D7-847B-4A9D-8DC4-CFCF5A843754} = {2FA89949-C014-61E3-9766-4043502A0423}
		{438D47D4-0EAD-48E4-8DBF-8C3425AF3C47} = {2FA89949-C014-61E3-9766-4043502A0423}
		{3EAF90EA-AC86-40CE-9679-3CED7943F736} = {2FA89949-C014-61E3-9766-4043502A0423}
		{DFB012E5-D6D3-44CD-8DCD-259EF0F9CB7E} = {2FA89949-C014-61E3-9766-4043502A0423}
		{E590C230-D3F3-466A-94BF-FC3C56D90F91} = {F397BE1F-622F-1A8E-EEA2-14C670B44F54}
		{4FD1D68E-F42A-4340-B1B1-980C18BDFE19} = {F397BE1F-622F-1A8E-EEA2-14C670B44F54}
		{6377216A-595B-4985-8E4D-96C643C83551} = {F397BE1F-622F-1A8E-EEA2-14C670B44F54}
		{F584B63D-4A7B-4F15-B8D9-5F442A784769} = {F397BE1F-622F-1A8E-EEA2-14C670B44F54}
		{BC344DBF-04C6-4963-88F3-85F8E7AC60AA} = {F397BE1F-622F-1A8E-EEA2-14C670B44F54}
		{09D04D52-2A93-45C2-BF63-D39647135108} = {51CE16EA-E9CD-CE3B-EB17-741FBED2C8AA}
		{3BF1A429-FDBB-4E43-85CB-F7A36E42E679} = {51CE16EA-E9CD-CE3B-EB17-741FBED2C8AA}
		{BAA73EE1-09EF-48F5-9308-9A36A448F16E} = {51CE16EA-E9CD-CE3B-EB17-741FBED2C8AA}
		{6856EA6A-ED40-4A05-A53F-39781CC18CA6} = {51CE16EA-E9CD-CE3B-EB17-741FBED2C8AA}
	EndGlobalSection
EndGlobal
