
Microsoft Visual Studio Solution File, Format Version 12.00
# Visual Studio Version 17
VisualStudioVersion = 17.0.31903.59
MinimumVisualStudioVersion = 10.0.40219.1
Project("{2150E333-8FDC-42A3-9474-1A3956D46DE8}") = "Commons", "Commons", "{28FF85FC-DD47-B361-FD53-B9EABBF33518}"
EndProject
Project("{FAE04EC0-301F-11D3-BF4B-00C04F79EFBC}") = "Voyager.Contracts", "..\Commons\Voyager.Contracts\Voyager.Contracts.csproj", "{C61BD33F-B747-465D-941D-D85FFCAD001E}"
EndProject
Project("{FAE04EC0-301F-11D3-BF4B-00C04F79EFBC}") = "Voyager.Shared", "..\Commons\Voyager.Shared\Voyager.Shared.csproj", "{B8894E39-55C1-4097-9D95-927F8E50F0CE}"
EndProject
Project("{2150E333-8FDC-42A3-9474-1A3956D46DE8}") = "Driver", "Driver", "{A61EF809-8DE7-F541-932B-336E740821C7}"
EndProject
Project("{FAE04EC0-301F-11D3-BF4B-00C04F79EFBC}") = "Driver.Module", "Modules\Driver\Driver.Module\Driver.Module.csproj", "{E8CB01EF-B6E0-4B31-853F-928A9A8D6744}"
EndProject
Project("{FAE04EC0-301F-11D3-BF4B-00C04F79EFBC}") = "Driver.Tests", "Modules\Driver\Driver.Tests\Driver.Tests.csproj", "{B7F54E2F-E56E-4F24-A6E6-4149B573569F}"
EndProject
Project("{2150E333-8FDC-42A3-9474-1A3956D46DE8}") = "Identity", "Identity", "{2FA89949-C014-61E3-9766-4043502A0423}"
EndProject
Project("{FAE04EC0-301F-11D3-BF4B-00C04F79EFBC}") = "Identity.Module", "Modules\Identity\Identity.Module\Identity.Module.csproj", "{DA6FA250-09A9-44B5-B5A8-14C8B68FB0A2}"
EndProject
Project("{FAE04EC0-301F-11D3-BF4B-00C04F79EFBC}") = "Identity.Tests", "Modules\Identity\Identity.Tests\Identity.Tests.csproj", "{7290025C-2EEC-426F-A3A9-97821C759F99}"
EndProject
Project("{2150E333-8FDC-42A3-9474-1A3956D46DE8}") = "Ride", "Ride", "{F397BE1F-622F-1A8E-EEA2-14C670B44F54}"
EndProject
Project("{FAE04EC0-301F-11D3-BF4B-00C04F79EFBC}") = "Ride.Module", "Modules\Ride\Ride.Module\Ride.Module.csproj", "{D2AD8964-125F-4214-9B5E-EBE8CF755E5F}"
EndProject
Project("{FAE04EC0-301F-11D3-BF4B-00C04F79EFBC}") = "Ride.Tests", "Modules\Ride\Ride.Tests\Ride.Tests.csproj", "{64D6AEEB-AAC7-4E6A-B1A8-D23C21948F1E}"
EndProject
Project("{2150E333-8FDC-42A3-9474-1A3956D46DE8}") = "Hub", "Hub", "{51CE16EA-E9CD-CE3B-EB17-741FBED2C8AA}"
EndProject
Project("{FAE04EC0-301F-11D3-BF4B-00C04F79EFBC}") = "Hub.Module", "Modules\Hub\Hub.Module\Hub.Module.csproj", "{F91CDF96-560A-4035-ACBB-F4BC3D96B1BE}"
EndProject
Project("{FAE04EC0-301F-11D3-BF4B-00C04F79EFBC}") = "Hub.Tests", "Modules\Hub\Hub.Tests\Hub.Tests.csproj", "{1496E990-9D78-4137-BA15-533B450CC4ED}"
EndProject
Project("{FAE04EC0-301F-11D3-BF4B-00C04F79EFBC}") = "Host", "Host\Host.csproj", "{9EAB3D50-25B2-418C-9FA2-9D40E9D61A67}"
EndProject
Project("{2150E333-8FDC-42A3-9474-1A3956D46DE8}") = "Modules", "Modules", "{CA253913-39DE-BFD0-C9A3-4B7EC6FBDF17}"
EndProject
Project("{2150E333-8FDC-42A3-9474-1A3956D46DE8}") = "Identity", "Identity", "{293C06CD-4E17-48BD-9F3B-B5ADDFFA9425}"
EndProject
Project("{2150E333-8FDC-42A3-9474-1A3956D46DE8}") = "Driver", "Driver", "{F81395CC-EF91-A3C5-83FE-A723D26B213E}"
EndProject
Project("{2150E333-8FDC-42A3-9474-1A3956D46DE8}") = "Ride", "Ride", "{8EBEE43D-B45A-262F-C79A-E8F23D8A1184}"
EndProject
Project("{2150E333-8FDC-42A3-9474-1A3956D46DE8}") = "Hub", "Hub", "{8AE09994-2DF5-194E-6C04-2BBE698AD1B5}"
EndProject
Project("{FAE04EC0-301F-11D3-BF4B-00C04F79EFBC}") = "Demo", "Demo\Demo.csproj", "{417CDDA5-FD20-4394-87E1-B24DBBCAB795}"
EndProject
Project("{FAE04EC0-301F-11D3-BF4B-00C04F79EFBC}") = "Voyager.Errors", "..\Commons\Voyager.Errors\Voyager.Errors.csproj", "{C64D0C99-504D-4970-B3AE-3A32B07C538B}"
EndProject
Project("{FAE04EC0-301F-11D3-BF4B-00C04F79EFBC}") = "Host.IntegrationTests", "Host.IntegrationTests\Host.IntegrationTests.csproj", "{1D58207C-702F-497B-BFF3-BAB3A90FA8F7}"
EndProject
Project("{FAE04EC0-301F-11D3-BF4B-00C04F79EFBC}") = "Voyager.TestInfra", "..\Commons\Voyager.TestInfra\Voyager.TestInfra.csproj", "{8FA7ACB2-277B-44EA-9FF9-B335FDEEF502}"
EndProject
Global
	GlobalSection(SolutionConfigurationPlatforms) = preSolution
		Debug|Any CPU = Debug|Any CPU
		Debug|x64 = Debug|x64
		Debug|x86 = Debug|x86
		Release|Any CPU = Release|Any CPU
		Release|x64 = Release|x64
		Release|x86 = Release|x86
	EndGlobalSection
	GlobalSection(ProjectConfigurationPlatforms) = postSolution
		{C61BD33F-B747-465D-941D-D85FFCAD001E}.Debug|Any CPU.ActiveCfg = Debug|Any CPU
		{C61BD33F-B747-465D-941D-D85FFCAD001E}.Debug|Any CPU.Build.0 = Debug|Any CPU
		{C61BD33F-B747-465D-941D-D85FFCAD001E}.Debug|x64.ActiveCfg = Debug|Any CPU
		{C61BD33F-B747-465D-941D-D85FFCAD001E}.Debug|x64.Build.0 = Debug|Any CPU
		{C61BD33F-B747-465D-941D-D85FFCAD001E}.Debug|x86.ActiveCfg = Debug|Any CPU
		{C61BD33F-B747-465D-941D-D85FFCAD001E}.Debug|x86.Build.0 = Debug|Any CPU
		{C61BD33F-B747-465D-941D-D85FFCAD001E}.Release|Any CPU.ActiveCfg = Release|Any CPU
		{C61BD33F-B747-465D-941D-D85FFCAD001E}.Release|Any CPU.Build.0 = Release|Any CPU
		{C61BD33F-B747-465D-941D-D85FFCAD001E}.Release|x64.ActiveCfg = Release|Any CPU
		{C61BD33F-B747-465D-941D-D85FFCAD001E}.Release|x64.Build.0 = Release|Any CPU
		{C61BD33F-B747-465D-941D-D85FFCAD001E}.Release|x86.ActiveCfg = Release|Any CPU
		{C61BD33F-B747-465D-941D-D85FFCAD001E}.Release|x86.Build.0 = Release|Any CPU
		{B8894E39-55C1-4097-9D95-927F8E50F0CE}.Debug|Any CPU.ActiveCfg = Debug|Any CPU
		{B8894E39-55C1-4097-9D95-927F8E50F0CE}.Debug|Any CPU.Build.0 = Debug|Any CPU
		{B8894E39-55C1-4097-9D95-927F8E50F0CE}.Debug|x64.ActiveCfg = Debug|Any CPU
		{B8894E39-55C1-4097-9D95-927F8E50F0CE}.Debug|x64.Build.0 = Debug|Any CPU
		{B8894E39-55C1-4097-9D95-927F8E50F0CE}.Debug|x86.ActiveCfg = Debug|Any CPU
		{B8894E39-55C1-4097-9D95-927F8E50F0CE}.Debug|x86.Build.0 = Debug|Any CPU
		{B8894E39-55C1-4097-9D95-927F8E50F0CE}.Release|Any CPU.ActiveCfg = Release|Any CPU
		{B8894E39-55C1-4097-9D95-927F8E50F0CE}.Release|Any CPU.Build.0 = Release|Any CPU
		{B8894E39-55C1-4097-9D95-927F8E50F0CE}.Release|x64.ActiveCfg = Release|Any CPU
		{B8894E39-55C1-4097-9D95-927F8E50F0CE}.Release|x64.Build.0 = Release|Any CPU
		{B8894E39-55C1-4097-9D95-927F8E50F0CE}.Release|x86.ActiveCfg = Release|Any CPU
		{B8894E39-55C1-4097-9D95-927F8E50F0CE}.Release|x86.Build.0 = Release|Any CPU
		{E8CB01EF-B6E0-4B31-853F-928A9A8D6744}.Debug|Any CPU.ActiveCfg = Debug|Any CPU
		{E8CB01EF-B6E0-4B31-853F-928A9A8D6744}.Debug|Any CPU.Build.0 = Debug|Any CPU
		{E8CB01EF-B6E0-4B31-853F-928A9A8D6744}.Debug|x64.ActiveCfg = Debug|Any CPU
		{E8CB01EF-B6E0-4B31-853F-928A9A8D6744}.Debug|x64.Build.0 = Debug|Any CPU
		{E8CB01EF-B6E0-4B31-853F-928A9A8D6744}.Debug|x86.ActiveCfg = Debug|Any CPU
		{E8CB01EF-B6E0-4B31-853F-928A9A8D6744}.Debug|x86.Build.0 = Debug|Any CPU
		{E8CB01EF-B6E0-4B31-853F-928A9A8D6744}.Release|Any CPU.ActiveCfg = Release|Any CPU
		{E8CB01EF-B6E0-4B31-853F-928A9A8D6744}.Release|Any CPU.Build.0 = Release|Any CPU
		{E8CB01EF-B6E0-4B31-853F-928A9A8D6744}.Release|x64.ActiveCfg = Release|Any CPU
		{E8CB01EF-B6E0-4B31-853F-928A9A8D6744}.Release|x64.Build.0 = Release|Any CPU
		{E8CB01EF-B6E0-4B31-853F-928A9A8D6744}.Release|x86.ActiveCfg = Release|Any CPU
		{E8CB01EF-B6E0-4B31-853F-928A9A8D6744}.Release|x86.Build.0 = Release|Any CPU
		{B7F54E2F-E56E-4F24-A6E6-4149B573569F}.Debug|Any CPU.ActiveCfg = Debug|Any CPU
		{B7F54E2F-E56E-4F24-A6E6-4149B573569F}.Debug|Any CPU.Build.0 = Debug|Any CPU
		{B7F54E2F-E56E-4F24-A6E6-4149B573569F}.Debug|x64.ActiveCfg = Debug|Any CPU
		{B7F54E2F-E56E-4F24-A6E6-4149B573569F}.Debug|x64.Build.0 = Debug|Any CPU
		{B7F54E2F-E56E-4F24-A6E6-4149B573569F}.Debug|x86.ActiveCfg = Debug|Any CPU
		{B7F54E2F-E56E-4F24-A6E6-4149B573569F}.Debug|x86.Build.0 = Debug|Any CPU
		{B7F54E2F-E56E-4F24-A6E6-4149B573569F}.Release|Any CPU.ActiveCfg = Release|Any CPU
		{B7F54E2F-E56E-4F24-A6E6-4149B573569F}.Release|Any CPU.Build.0 = Release|Any CPU
		{B7F54E2F-E56E-4F24-A6E6-4149B573569F}.Release|x64.ActiveCfg = Release|Any CPU
		{B7F54E2F-E56E-4F24-A6E6-4149B573569F}.Release|x64.Build.0 = Release|Any CPU
		{B7F54E2F-E56E-4F24-A6E6-4149B573569F}.Release|x86.ActiveCfg = Release|Any CPU
		{B7F54E2F-E56E-4F24-A6E6-4149B573569F}.Release|x86.Build.0 = Release|Any CPU
		{DA6FA250-09A9-44B5-B5A8-14C8B68FB0A2}.Debug|Any CPU.ActiveCfg = Debug|Any CPU
		{DA6FA250-09A9-44B5-B5A8-14C8B68FB0A2}.Debug|Any CPU.Build.0 = Debug|Any CPU
		{DA6FA250-09A9-44B5-B5A8-14C8B68FB0A2}.Debug|x64.ActiveCfg = Debug|Any CPU
		{DA6FA250-09A9-44B5-B5A8-14C8B68FB0A2}.Debug|x64.Build.0 = Debug|Any CPU
		{DA6FA250-09A9-44B5-B5A8-14C8B68FB0A2}.Debug|x86.ActiveCfg = Debug|Any CPU
		{DA6FA250-09A9-44B5-B5A8-14C8B68FB0A2}.Debug|x86.Build.0 = Debug|Any CPU
		{DA6FA250-09A9-44B5-B5A8-14C8B68FB0A2}.Release|Any CPU.ActiveCfg = Release|Any CPU
		{DA6FA250-09A9-44B5-B5A8-14C8B68FB0A2}.Release|Any CPU.Build.0 = Release|Any CPU
		{DA6FA250-09A9-44B5-B5A8-14C8B68FB0A2}.Release|x64.ActiveCfg = Release|Any CPU
		{DA6FA250-09A9-44B5-B5A8-14C8B68FB0A2}.Release|x64.Build.0 = Release|Any CPU
		{DA6FA250-09A9-44B5-B5A8-14C8B68FB0A2}.Release|x86.ActiveCfg = Release|Any CPU
		{DA6FA250-09A9-44B5-B5A8-14C8B68FB0A2}.Release|x86.Build.0 = Release|Any CPU
		{7290025C-2EEC-426F-A3A9-97821C759F99}.Debug|Any CPU.ActiveCfg = Debug|Any CPU
		{7290025C-2EEC-426F-A3A9-97821C759F99}.Debug|Any CPU.Build.0 = Debug|Any CPU
		{7290025C-2EEC-426F-A3A9-97821C759F99}.Debug|x64.ActiveCfg = Debug|Any CPU
		{7290025C-2EEC-426F-A3A9-97821C759F99}.Debug|x64.Build.0 = Debug|Any CPU
		{7290025C-2EEC-426F-A3A9-97821C759F99}.Debug|x86.ActiveCfg = Debug|Any CPU
		{7290025C-2EEC-426F-A3A9-97821C759F99}.Debug|x86.Build.0 = Debug|Any CPU
		{7290025C-2EEC-426F-A3A9-97821C759F99}.Release|Any CPU.ActiveCfg = Release|Any CPU
		{7290025C-2EEC-426F-A3A9-97821C759F99}.Release|Any CPU.Build.0 = Release|Any CPU
		{7290025C-2EEC-426F-A3A9-97821C759F99}.Release|x64.ActiveCfg = Release|Any CPU
		{7290025C-2EEC-426F-A3A9-97821C759F99}.Release|x64.Build.0 = Release|Any CPU
		{7290025C-2EEC-426F-A3A9-97821C759F99}.Release|x86.ActiveCfg = Release|Any CPU
		{7290025C-2EEC-426F-A3A9-97821C759F99}.Release|x86.Build.0 = Release|Any CPU
		{D2AD8964-125F-4214-9B5E-EBE8CF755E5F}.Debug|Any CPU.ActiveCfg = Debug|Any CPU
		{D2AD8964-125F-4214-9B5E-EBE8CF755E5F}.Debug|Any CPU.Build.0 = Debug|Any CPU
		{D2AD8964-125F-4214-9B5E-EBE8CF755E5F}.Debug|x64.ActiveCfg = Debug|Any CPU
		{D2AD8964-125F-4214-9B5E-EBE8CF755E5F}.Debug|x64.Build.0 = Debug|Any CPU
		{D2AD8964-125F-4214-9B5E-EBE8CF755E5F}.Debug|x86.ActiveCfg = Debug|Any CPU
		{D2AD8964-125F-4214-9B5E-EBE8CF755E5F}.Debug|x86.Build.0 = Debug|Any CPU
		{D2AD8964-125F-4214-9B5E-EBE8CF755E5F}.Release|Any CPU.ActiveCfg = Release|Any CPU
		{D2AD8964-125F-4214-9B5E-EBE8CF755E5F}.Release|Any CPU.Build.0 = Release|Any CPU
		{D2AD8964-125F-4214-9B5E-EBE8CF755E5F}.Release|x64.ActiveCfg = Release|Any CPU
		{D2AD8964-125F-4214-9B5E-EBE8CF755E5F}.Release|x64.Build.0 = Release|Any CPU
		{D2AD8964-125F-4214-9B5E-EBE8CF755E5F}.Release|x86.ActiveCfg = Release|Any CPU
		{D2AD8964-125F-4214-9B5E-EBE8CF755E5F}.Release|x86.Build.0 = Release|Any CPU
		{64D6AEEB-AAC7-4E6A-B1A8-D23C21948F1E}.Debug|Any CPU.ActiveCfg = Debug|Any CPU
		{64D6AEEB-AAC7-4E6A-B1A8-D23C21948F1E}.Debug|Any CPU.Build.0 = Debug|Any CPU
		{64D6AEEB-AAC7-4E6A-B1A8-D23C21948F1E}.Debug|x64.ActiveCfg = Debug|Any CPU
		{64D6AEEB-AAC7-4E6A-B1A8-D23C21948F1E}.Debug|x64.Build.0 = Debug|Any CPU
		{64D6AEEB-AAC7-4E6A-B1A8-D23C21948F1E}.Debug|x86.ActiveCfg = Debug|Any CPU
		{64D6AEEB-AAC7-4E6A-B1A8-D23C21948F1E}.Debug|x86.Build.0 = Debug|Any CPU
		{64D6AEEB-AAC7-4E6A-B1A8-D23C21948F1E}.Release|Any CPU.ActiveCfg = Release|Any CPU
		{64D6AEEB-AAC7-4E6A-B1A8-D23C21948F1E}.Release|Any CPU.Build.0 = Release|Any CPU
		{64D6AEEB-AAC7-4E6A-B1A8-D23C21948F1E}.Release|x64.ActiveCfg = Release|Any CPU
		{64D6AEEB-AAC7-4E6A-B1A8-D23C21948F1E}.Release|x64.Build.0 = Release|Any CPU
		{64D6AEEB-AAC7-4E6A-B1A8-D23C21948F1E}.Release|x86.ActiveCfg = Release|Any CPU
		{64D6AEEB-AAC7-4E6A-B1A8-D23C21948F1E}.Release|x86.Build.0 = Release|Any CPU
		{F91CDF96-560A-4035-ACBB-F4BC3D96B1BE}.Debug|Any CPU.ActiveCfg = Debug|Any CPU
		{F91CDF96-560A-4035-ACBB-F4BC3D96B1BE}.Debug|Any CPU.Build.0 = Debug|Any CPU
		{F91CDF96-560A-4035-ACBB-F4BC3D96B1BE}.Debug|x64.ActiveCfg = Debug|Any CPU
		{F91CDF96-560A-4035-ACBB-F4BC3D96B1BE}.Debug|x64.Build.0 = Debug|Any CPU
		{F91CDF96-560A-4035-ACBB-F4BC3D96B1BE}.Debug|x86.ActiveCfg = Debug|Any CPU
		{F91CDF96-560A-4035-ACBB-F4BC3D96B1BE}.Debug|x86.Build.0 = Debug|Any CPU
		{F91CDF96-560A-4035-ACBB-F4BC3D96B1BE}.Release|Any CPU.ActiveCfg = Release|Any CPU
		{F91CDF96-560A-4035-ACBB-F4BC3D96B1BE}.Release|Any CPU.Build.0 = Release|Any CPU
		{F91CDF96-560A-4035-ACBB-F4BC3D96B1BE}.Release|x64.ActiveCfg = Release|Any CPU
		{F91CDF96-560A-4035-ACBB-F4BC3D96B1BE}.Release|x64.Build.0 = Release|Any CPU
		{F91CDF96-560A-4035-ACBB-F4BC3D96B1BE}.Release|x86.ActiveCfg = Release|Any CPU
		{F91CDF96-560A-4035-ACBB-F4BC3D96B1BE}.Release|x86.Build.0 = Release|Any CPU
		{1496E990-9D78-4137-BA15-533B450CC4ED}.Debug|Any CPU.ActiveCfg = Debug|Any CPU
		{1496E990-9D78-4137-BA15-533B450CC4ED}.Debug|Any CPU.Build.0 = Debug|Any CPU
		{1496E990-9D78-4137-BA15-533B450CC4ED}.Debug|x64.ActiveCfg = Debug|Any CPU
		{1496E990-9D78-4137-BA15-533B450CC4ED}.Debug|x64.Build.0 = Debug|Any CPU
		{1496E990-9D78-4137-BA15-533B450CC4ED}.Debug|x86.ActiveCfg = Debug|Any CPU
		{1496E990-9D78-4137-BA15-533B450CC4ED}.Debug|x86.Build.0 = Debug|Any CPU
		{1496E990-9D78-4137-BA15-533B450CC4ED}.Release|Any CPU.ActiveCfg = Release|Any CPU
		{1496E990-9D78-4137-BA15-533B450CC4ED}.Release|Any CPU.Build.0 = Release|Any CPU
		{1496E990-9D78-4137-BA15-533B450CC4ED}.Release|x64.ActiveCfg = Release|Any CPU
		{1496E990-9D78-4137-BA15-533B450CC4ED}.Release|x64.Build.0 = Release|Any CPU
		{1496E990-9D78-4137-BA15-533B450CC4ED}.Release|x86.ActiveCfg = Release|Any CPU
		{1496E990-9D78-4137-BA15-533B450CC4ED}.Release|x86.Build.0 = Release|Any CPU
		{9EAB3D50-25B2-418C-9FA2-9D40E9D61A67}.Debug|Any CPU.ActiveCfg = Debug|Any CPU
		{9EAB3D50-25B2-418C-9FA2-9D40E9D61A67}.Debug|Any CPU.Build.0 = Debug|Any CPU
		{9EAB3D50-25B2-418C-9FA2-9D40E9D61A67}.Debug|x64.ActiveCfg = Debug|Any CPU
		{9EAB3D50-25B2-418C-9FA2-9D40E9D61A67}.Debug|x64.Build.0 = Debug|Any CPU
		{9EAB3D50-25B2-418C-9FA2-9D40E9D61A67}.Debug|x86.ActiveCfg = Debug|Any CPU
		{9EAB3D50-25B2-418C-9FA2-9D40E9D61A67}.Debug|x86.Build.0 = Debug|Any CPU
		{9EAB3D50-25B2-418C-9FA2-9D40E9D61A67}.Release|Any CPU.ActiveCfg = Release|Any CPU
		{9EAB3D50-25B2-418C-9FA2-9D40E9D61A67}.Release|Any CPU.Build.0 = Release|Any CPU
		{9EAB3D50-25B2-418C-9FA2-9D40E9D61A67}.Release|x64.ActiveCfg = Release|Any CPU
		{9EAB3D50-25B2-418C-9FA2-9D40E9D61A67}.Release|x64.Build.0 = Release|Any CPU
		{9EAB3D50-25B2-418C-9FA2-9D40E9D61A67}.Release|x86.ActiveCfg = Release|Any CPU
		{9EAB3D50-25B2-418C-9FA2-9D40E9D61A67}.Release|x86.Build.0 = Release|Any CPU
		{417CDDA5-FD20-4394-87E1-B24DBBCAB795}.Debug|Any CPU.ActiveCfg = Debug|Any CPU
		{417CDDA5-FD20-4394-87E1-B24DBBCAB795}.Debug|Any CPU.Build.0 = Debug|Any CPU
		{417CDDA5-FD20-4394-87E1-B24DBBCAB795}.Debug|x64.ActiveCfg = Debug|Any CPU
		{417CDDA5-FD20-4394-87E1-B24DBBCAB795}.Debug|x64.Build.0 = Debug|Any CPU
		{417CDDA5-FD20-4394-87E1-B24DBBCAB795}.Debug|x86.ActiveCfg = Debug|Any CPU
		{417CDDA5-FD20-4394-87E1-B24DBBCAB795}.Debug|x86.Build.0 = Debug|Any CPU
		{417CDDA5-FD20-4394-87E1-B24DBBCAB795}.Release|Any CPU.ActiveCfg = Release|Any CPU
		{417CDDA5-FD20-4394-87E1-B24DBBCAB795}.Release|Any CPU.Build.0 = Release|Any CPU
		{417CDDA5-FD20-4394-87E1-B24DBBCAB795}.Release|x64.ActiveCfg = Release|Any CPU
		{417CDDA5-FD20-4394-87E1-B24DBBCAB795}.Release|x64.Build.0 = Release|Any CPU
		{417CDDA5-FD20-4394-87E1-B24DBBCAB795}.Release|x86.ActiveCfg = Release|Any CPU
		{417CDDA5-FD20-4394-87E1-B24DBBCAB795}.Release|x86.Build.0 = Release|Any CPU
		{C64D0C99-504D-4970-B3AE-3A32B07C538B}.Debug|Any CPU.ActiveCfg = Debug|Any CPU
		{C64D0C99-504D-4970-B3AE-3A32B07C538B}.Debug|Any CPU.Build.0 = Debug|Any CPU
		{C64D0C99-504D-4970-B3AE-3A32B07C538B}.Debug|x64.ActiveCfg = Debug|Any CPU
		{C64D0C99-504D-4970-B3AE-3A32B07C538B}.Debug|x64.Build.0 = Debug|Any CPU
		{C64D0C99-504D-4970-B3AE-3A32B07C538B}.Debug|x86.ActiveCfg = Debug|Any CPU
		{C64D0C99-504D-4970-B3AE-3A32B07C538B}.Debug|x86.Build.0 = Debug|Any CPU
		{C64D0C99-504D-4970-B3AE-3A32B07C538B}.Release|Any CPU.ActiveCfg = Release|Any CPU
		{C64D0C99-504D-4970-B3AE-3A32B07C538B}.Release|Any CPU.Build.0 = Release|Any CPU
		{C64D0C99-504D-4970-B3AE-3A32B07C538B}.Release|x64.ActiveCfg = Release|Any CPU
		{C64D0C99-504D-4970-B3AE-3A32B07C538B}.Release|x64.Build.0 = Release|Any CPU
		{C64D0C99-504D-4970-B3AE-3A32B07C538B}.Release|x86.ActiveCfg = Release|Any CPU
		{C64D0C99-504D-4970-B3AE-3A32B07C538B}.Release|x86.Build.0 = Release|Any CPU
		{1D58207C-702F-497B-BFF3-BAB3A90FA8F7}.Debug|Any CPU.ActiveCfg = Debug|Any CPU
		{1D58207C-702F-497B-BFF3-BAB3A90FA8F7}.Debug|Any CPU.Build.0 = Debug|Any CPU
		{1D58207C-702F-497B-BFF3-BAB3A90FA8F7}.Debug|x64.ActiveCfg = Debug|Any CPU
		{1D58207C-702F-497B-BFF3-BAB3A90FA8F7}.Debug|x64.Build.0 = Debug|Any CPU
		{1D58207C-702F-497B-BFF3-BAB3A90FA8F7}.Debug|x86.ActiveCfg = Debug|Any CPU
		{1D58207C-702F-497B-BFF3-BAB3A90FA8F7}.Debug|x86.Build.0 = Debug|Any CPU
		{1D58207C-702F-497B-BFF3-BAB3A90FA8F7}.Release|Any CPU.ActiveCfg = Release|Any CPU
		{1D58207C-702F-497B-BFF3-BAB3A90FA8F7}.Release|Any CPU.Build.0 = Release|Any CPU
		{1D58207C-702F-497B-BFF3-BAB3A90FA8F7}.Release|x64.ActiveCfg = Release|Any CPU
		{1D58207C-702F-497B-BFF3-BAB3A90FA8F7}.Release|x64.Build.0 = Release|Any CPU
		{1D58207C-702F-497B-BFF3-BAB3A90FA8F7}.Release|x86.ActiveCfg = Release|Any CPU
		{1D58207C-702F-497B-BFF3-BAB3A90FA8F7}.Release|x86.Build.0 = Release|Any CPU
		{8FA7ACB2-277B-44EA-9FF9-B335FDEEF502}.Debug|Any CPU.ActiveCfg = Debug|Any CPU
		{8FA7ACB2-277B-44EA-9FF9-B335FDEEF502}.Debug|Any CPU.Build.0 = Debug|Any CPU
		{8FA7ACB2-277B-44EA-9FF9-B335FDEEF502}.Debug|x64.ActiveCfg = Debug|Any CPU
		{8FA7ACB2-277B-44EA-9FF9-B335FDEEF502}.Debug|x64.Build.0 = Debug|Any CPU
		{8FA7ACB2-277B-44EA-9FF9-B335FDEEF502}.Debug|x86.ActiveCfg = Debug|Any CPU
		{8FA7ACB2-277B-44EA-9FF9-B335FDEEF502}.Debug|x86.Build.0 = Debug|Any CPU
		{8FA7ACB2-277B-44EA-9FF9-B335FDEEF502}.Release|Any CPU.ActiveCfg = Release|Any CPU
		{8FA7ACB2-277B-44EA-9FF9-B335FDEEF502}.Release|Any CPU.Build.0 = Release|Any CPU
		{8FA7ACB2-277B-44EA-9FF9-B335FDEEF502}.Release|x64.ActiveCfg = Release|Any CPU
		{8FA7ACB2-277B-44EA-9FF9-B335FDEEF502}.Release|x64.Build.0 = Release|Any CPU
		{8FA7ACB2-277B-44EA-9FF9-B335FDEEF502}.Release|x86.ActiveCfg = Release|Any CPU
		{8FA7ACB2-277B-44EA-9FF9-B335FDEEF502}.Release|x86.Build.0 = Release|Any CPU
	EndGlobalSection
	GlobalSection(SolutionProperties) = preSolution
		HideSolutionNode = FALSE
	EndGlobalSection
	GlobalSection(NestedProjects) = preSolution
		{C61BD33F-B747-465D-941D-D85FFCAD001E} = {28FF85FC-DD47-B361-FD53-B9EABBF33518}
		{B8894E39-55C1-4097-9D95-927F8E50F0CE} = {28FF85FC-DD47-B361-FD53-B9EABBF33518}
		{E8CB01EF-B6E0-4B31-853F-928A9A8D6744} = {A61EF809-8DE7-F541-932B-336E740821C7}
		{B7F54E2F-E56E-4F24-A6E6-4149B573569F} = {A61EF809-8DE7-F541-932B-336E740821C7}
		{DA6FA250-09A9-44B5-B5A8-14C8B68FB0A2} = {2FA89949-C014-61E3-9766-4043502A0423}
		{7290025C-2EEC-426F-A3A9-97821C759F99} = {2FA89949-C014-61E3-9766-4043502A0423}
		{D2AD8964-125F-4214-9B5E-EBE8CF755E5F} = {F397BE1F-622F-1A8E-EEA2-14C670B44F54}
		{64D6AEEB-AAC7-4E6A-B1A8-D23C21948F1E} = {F397BE1F-622F-1A8E-EEA2-14C670B44F54}
		{F91CDF96-560A-4035-ACBB-F4BC3D96B1BE} = {51CE16EA-E9CD-CE3B-EB17-741FBED2C8AA}
		{1496E990-9D78-4137-BA15-533B450CC4ED} = {51CE16EA-E9CD-CE3B-EB17-741FBED2C8AA}
		{293C06CD-4E17-48BD-9F3B-B5ADDFFA9425} = {CA253913-39DE-BFD0-C9A3-4B7EC6FBDF17}
		{F81395CC-EF91-A3C5-83FE-A723D26B213E} = {CA253913-39DE-BFD0-C9A3-4B7EC6FBDF17}
		{8EBEE43D-B45A-262F-C79A-E8F23D8A1184} = {CA253913-39DE-BFD0-C9A3-4B7EC6FBDF17}
		{8AE09994-2DF5-194E-6C04-2BBE698AD1B5} = {CA253913-39DE-BFD0-C9A3-4B7EC6FBDF17}
		{C64D0C99-504D-4970-B3AE-3A32B07C538B} = {28FF85FC-DD47-B361-FD53-B9EABBF33518}
	EndGlobalSection
EndGlobal
